// !$*UTF8*$!
{
	archiveVersion = 1;
	classes = {
	};
	objectVersion = 46;
	objects = {

/* Begin PBXBuildFile section */
		8A670AFC6AF2FC453A25DE73 /* libPods.a in Frameworks */ = {isa = PBXBuildFile; fileRef = 0B006CB817BA624E01EDF19B /* libPods.a */; };
		CE45AEC41C0B41390092AB75 /* MJPViewController.m in Sources */ = {isa = PBXBuildFile; fileRef = CE45AEC31C0B41390092AB75 /* MJPViewController.m */; };
		CE59737D1C1626630096B001 /* JobSeekerProfileView.m in Sources */ = {isa = PBXBuildFile; fileRef = CE59737C1C1626630096B001 /* JobSeekerProfileView.m */; };
		CE6FD33C1C01F9BB001A04C3 /* main.m in Sources */ = {isa = PBXBuildFile; fileRef = CE6FD33B1C01F9BB001A04C3 /* main.m */; };
		CE6FD33F1C01F9BB001A04C3 /* AppDelegate.m in Sources */ = {isa = PBXBuildFile; fileRef = CE6FD33E1C01F9BB001A04C3 /* AppDelegate.m */; };
		CE6FD3421C01F9BB001A04C3 /* Login.m in Sources */ = {isa = PBXBuildFile; fileRef = CE6FD3411C01F9BB001A04C3 /* Login.m */; };
		CE6FD3451C01F9BB001A04C3 /* Main.storyboard in Resources */ = {isa = PBXBuildFile; fileRef = CE6FD3431C01F9BB001A04C3 /* Main.storyboard */; };
		CE6FD3471C01F9BC001A04C3 /* Assets.xcassets in Resources */ = {isa = PBXBuildFile; fileRef = CE6FD3461C01F9BC001A04C3 /* Assets.xcassets */; };
		CE6FD34A1C01F9BC001A04C3 /* LaunchScreen.storyboard in Resources */ = {isa = PBXBuildFile; fileRef = CE6FD3481C01F9BC001A04C3 /* LaunchScreen.storyboard */; };
		CE6FD3551C01F9BC001A04C3 /* My_Job_PitchTests.m in Sources */ = {isa = PBXBuildFile; fileRef = CE6FD3541C01F9BC001A04C3 /* My_Job_PitchTests.m */; };
		CE7742351C92368200A9A2BA /* SimpleListCell.m in Sources */ = {isa = PBXBuildFile; fileRef = CE7742341C92368200A9A2BA /* SimpleListCell.m */; };
		CE7742381C923D4900A9A2BA /* ListLocations.m in Sources */ = {isa = PBXBuildFile; fileRef = CE7742371C923D4900A9A2BA /* ListLocations.m */; };
		CE77423B1C923EAD00A9A2BA /* ListJobs.m in Sources */ = {isa = PBXBuildFile; fileRef = CE77423A1C923EAD00A9A2BA /* ListJobs.m */; };
		CE7742411C95D6C000A9A2BA /* EditJob.m in Sources */ = {isa = PBXBuildFile; fileRef = CE7742401C95D6C000A9A2BA /* EditJob.m */; };
		CE7742441C95D85300A9A2BA /* JobEditView.m in Sources */ = {isa = PBXBuildFile; fileRef = CE7742431C95D85300A9A2BA /* JobEditView.m */; };
		CE7742461C95D88000A9A2BA /* JobEditView.xib in Resources */ = {isa = PBXBuildFile; fileRef = CE7742451C95D88000A9A2BA /* JobEditView.xib */; };
		CE7742491C9623C300A9A2BA /* ViewJobMenu.m in Sources */ = {isa = PBXBuildFile; fileRef = CE7742481C9623C300A9A2BA /* ViewJobMenu.m */; };
		CE77424C1C96244900A9A2BA /* ViewJob.m in Sources */ = {isa = PBXBuildFile; fileRef = CE77424B1C96244900A9A2BA /* ViewJob.m */; };
		CE8395A81C3EF98F007A8213 /* EditProfile.m in Sources */ = {isa = PBXBuildFile; fileRef = CE8395A71C3EF98F007A8213 /* EditProfile.m */; };
		CE8395AB1C42F279007A8213 /* SwipeView.m in Sources */ = {isa = PBXBuildFile; fileRef = CE8395AA1C42F279007A8213 /* SwipeView.m */; };
		CE86847E1C0E570300D4B6C7 /* ScrollingViewController.m in Sources */ = {isa = PBXBuildFile; fileRef = CE86847D1C0E570300D4B6C7 /* ScrollingViewController.m */; };
		CE8AAFE71C5848490004F021 /* JobSeekerSearchProfileView.xib in Resources */ = {isa = PBXBuildFile; fileRef = CE8AAFE61C5848490004F021 /* JobSeekerSearchProfileView.xib */; };
		CE8AAFEA1C5848900004F021 /* JobSeekerSearchProfileView.m in Sources */ = {isa = PBXBuildFile; fileRef = CE8AAFE91C5848900004F021 /* JobSeekerSearchProfileView.m */; };
		CE8AAFED1C5850C40004F021 /* EditSearchProfile.m in Sources */ = {isa = PBXBuildFile; fileRef = CE8AAFEC1C5850C40004F021 /* EditSearchProfile.m */; };
		CE8AAFF71C599FA50004F021 /* DownPickerMultiple.m in Sources */ = {isa = PBXBuildFile; fileRef = CE8AAFF61C599FA50004F021 /* DownPickerMultiple.m */; };
		CE8AAFF91C59A2DE0004F021 /* LocationMap.xib in Resources */ = {isa = PBXBuildFile; fileRef = CE8AAFF81C59A2DE0004F021 /* LocationMap.xib */; };
		CE8AAFFC1C59A7820004F021 /* LocationMapView.m in Sources */ = {isa = PBXBuildFile; fileRef = CE8AAFFB1C59A7820004F021 /* LocationMapView.m */; };
		CE8AAFFE1C5AD62E0004F021 /* CoreLocation.framework in Frameworks */ = {isa = PBXBuildFile; fileRef = CE8AAFFD1C5AD62E0004F021 /* CoreLocation.framework */; };
		CE8AB0041C5B04320004F021 /* JobDetails.m in Sources */ = {isa = PBXBuildFile; fileRef = CE8AB0031C5B04320004F021 /* JobDetails.m */; };
		CE8AB00B1C5EA9F60004F021 /* MessageListCell.m in Sources */ = {isa = PBXBuildFile; fileRef = CE8AB00A1C5EA9F60004F021 /* MessageListCell.m */; };
		CE8AB0111C5EB66C0004F021 /* Messages.m in Sources */ = {isa = PBXBuildFile; fileRef = CE8AB0101C5EB66C0004F021 /* Messages.m */; };
		CE8AB0171C5EDB7B0004F021 /* MessageThread.m in Sources */ = {isa = PBXBuildFile; fileRef = CE8AB0161C5EDB7B0004F021 /* MessageThread.m */; };
		CE8AB01A1C5EE4B80004F021 /* MessageThreadCell.m in Sources */ = {isa = PBXBuildFile; fileRef = CE8AB0191C5EE4B80004F021 /* MessageThreadCell.m */; };
		CE8AB01D1C6029D90004F021 /* RecordPitch.m in Sources */ = {isa = PBXBuildFile; fileRef = CE8AB01C1C6029D90004F021 /* RecordPitch.m */; };
		CE8AB0201C6038750004F021 /* AVFoundation.framework in Frameworks */ = {isa = PBXBuildFile; fileRef = CE8AB01E1C6038750004F021 /* AVFoundation.framework */; };
		CE8AB0211C6038750004F021 /* AVKit.framework in Frameworks */ = {isa = PBXBuildFile; fileRef = CE8AB01F1C6038750004F021 /* AVKit.framework */; };
		CE8AB0241C617F550004F021 /* BusinessEditView.m in Sources */ = {isa = PBXBuildFile; fileRef = CE8AB0231C617F550004F021 /* BusinessEditView.m */; };
		CE8AB0261C61826B0004F021 /* BusinessEditView.xib in Resources */ = {isa = PBXBuildFile; fileRef = CE8AB0251C61826B0004F021 /* BusinessEditView.xib */; };
		CE8AB0281C6AA22E0004F021 /* LocationEditView.xib in Resources */ = {isa = PBXBuildFile; fileRef = CE8AB0271C6AA22E0004F021 /* LocationEditView.xib */; };
		CE8AB02B1C6AA2490004F021 /* LocationEditView.m in Sources */ = {isa = PBXBuildFile; fileRef = CE8AB02A1C6AA2490004F021 /* LocationEditView.m */; };
		CEB424131C9A35BC0012748B /* JobSeekerDetails.m in Sources */ = {isa = PBXBuildFile; fileRef = CEB424121C9A35BC0012748B /* JobSeekerDetails.m */; };
		CEE005671C90D6D50065E43A /* CreateJobSeekerProfile.m in Sources */ = {isa = PBXBuildFile; fileRef = CEE005661C90D6D50065E43A /* CreateJobSeekerProfile.m */; };
		CEE0056A1C90DEC90065E43A /* CreateRecruiterProfile.m in Sources */ = {isa = PBXBuildFile; fileRef = CEE005691C90DEC90065E43A /* CreateRecruiterProfile.m */; };
		CEE04A9C1C0F896300697620 /* ListBusinesses.m in Sources */ = {isa = PBXBuildFile; fileRef = CEE04A9B1C0F896300697620 /* ListBusinesses.m */; };
		CEE04A9F1C0F8A9100697620 /* JobSeekerHome.m in Sources */ = {isa = PBXBuildFile; fileRef = CEE04A9E1C0F8A9100697620 /* JobSeekerHome.m */; };
		CEE04AA21C0F8C6700697620 /* CreateProfile.m in Sources */ = {isa = PBXBuildFile; fileRef = CEE04AA11C0F8C6700697620 /* CreateProfile.m */; };
		CEE04AA41C10EAD900697620 /* ErrorTextField.xib in Resources */ = {isa = PBXBuildFile; fileRef = CEE04AA31C10EAD900697620 /* ErrorTextField.xib */; };
		CEE04AA71C10EE2000697620 /* ErrorTextField.m in Sources */ = {isa = PBXBuildFile; fileRef = CEE04AA61C10EE2000697620 /* ErrorTextField.m */; };
		CEE04AA91C10F8FE00697620 /* JobSeekerProfileView.xib in Resources */ = {isa = PBXBuildFile; fileRef = CEE04AA81C10F8FE00697620 /* JobSeekerProfileView.xib */; };
		CEE52CED1C0654DD00881648 /* MobileCoreServices.framework in Frameworks */ = {isa = PBXBuildFile; fileRef = CEE52CEC1C0654DD00881648 /* MobileCoreServices.framework */; };
		CEE52CEF1C0654E900881648 /* Security.framework in Frameworks */ = {isa = PBXBuildFile; fileRef = CEE52CEE1C0654E900881648 /* Security.framework */; };
		CEE52CF11C0654F200881648 /* CFNetwork.framework in Frameworks */ = {isa = PBXBuildFile; fileRef = CEE52CF01C0654F200881648 /* CFNetwork.framework */; };
		CEE52CF31C0654FB00881648 /* SystemConfiguration.framework in Frameworks */ = {isa = PBXBuildFile; fileRef = CEE52CF21C0654FB00881648 /* SystemConfiguration.framework */; };
		CEE52CF51C06550500881648 /* UIKit.framework in Frameworks */ = {isa = PBXBuildFile; fileRef = CEE52CF41C06550500881648 /* UIKit.framework */; };
		CEE52CF71C06550E00881648 /* Foundation.framework in Frameworks */ = {isa = PBXBuildFile; fileRef = CEE52CF61C06550E00881648 /* Foundation.framework */; };
		D71EAC6B1D33D04800E32ED1 /* KxMenu.m in Sources */ = {isa = PBXBuildFile; fileRef = D71EAC6A1D33D04800E32ED1 /* KxMenu.m */; };
		D74588EB1D48771800A85472 /* LockableNavigationController.m in Sources */ = {isa = PBXBuildFile; fileRef = D74588EA1D48771800A85472 /* LockableNavigationController.m */; };
		D74588EE1D48772E00A85472 /* API.m in Sources */ = {isa = PBXBuildFile; fileRef = D74588ED1D48772E00A85472 /* API.m */; };
		D74589251D48773B00A85472 /* Application.m in Sources */ = {isa = PBXBuildFile; fileRef = D74588F01D48773B00A85472 /* Application.m */; };
		D74589261D48773B00A85472 /* ApplicationStatus.m in Sources */ = {isa = PBXBuildFile; fileRef = D74588F21D48773B00A85472 /* ApplicationStatus.m */; };
		D74589271D48773B00A85472 /* AuthToken.m in Sources */ = {isa = PBXBuildFile; fileRef = D74588F41D48773B00A85472 /* AuthToken.m */; };
		D74589281D48773B00A85472 /* Business.m in Sources */ = {isa = PBXBuildFile; fileRef = D74588F61D48773B00A85472 /* Business.m */; };
		D74589291D48773B00A85472 /* Contract.m in Sources */ = {isa = PBXBuildFile; fileRef = D74588F81D48773B00A85472 /* Contract.m */; };
		D745892A1D48773B00A85472 /* Hours.m in Sources */ = {isa = PBXBuildFile; fileRef = D74588FA1D48773B00A85472 /* Hours.m */; };
		D745892B1D48773B00A85472 /* Image.m in Sources */ = {isa = PBXBuildFile; fileRef = D74588FC1D48773B00A85472 /* Image.m */; };
		D745892C1D48773B00A85472 /* Job.m in Sources */ = {isa = PBXBuildFile; fileRef = D74588FE1D48773B00A85472 /* Job.m */; };
		D745892D1D48773B00A85472 /* JobSeeker.m in Sources */ = {isa = PBXBuildFile; fileRef = D74589001D48773B00A85472 /* JobSeeker.m */; };
		D745892E1D48773B00A85472 /* JobStatus.m in Sources */ = {isa = PBXBuildFile; fileRef = D74589021D48773B00A85472 /* JobStatus.m */; };
		D745892F1D48773B00A85472 /* Location.m in Sources */ = {isa = PBXBuildFile; fileRef = D74589041D48773B00A85472 /* Location.m */; };
		D74589301D48773B00A85472 /* LoginRequest.m in Sources */ = {isa = PBXBuildFile; fileRef = D74589061D48773B00A85472 /* LoginRequest.m */; };
		D74589311D48773B00A85472 /* Message.m in Sources */ = {isa = PBXBuildFile; fileRef = D74589081D48773B00A85472 /* Message.m */; };
		D74589321D48773B00A85472 /* MJPObject.m in Sources */ = {isa = PBXBuildFile; fileRef = D745890A1D48773B00A85472 /* MJPObject.m */; };
		D74589331D48773B00A85472 /* MJPObjectWithDates.m in Sources */ = {isa = PBXBuildFile; fileRef = D745890C1D48773B00A85472 /* MJPObjectWithDates.m */; };
		D74589341D48773B00A85472 /* MJPObjectWithName.m in Sources */ = {isa = PBXBuildFile; fileRef = D745890E1D48773B00A85472 /* MJPObjectWithName.m */; };
		D74589351D48773B00A85472 /* MJPObjectWithNameDesc.m in Sources */ = {isa = PBXBuildFile; fileRef = D74589101D48773B00A85472 /* MJPObjectWithNameDesc.m */; };
		D74589361D48773B00A85472 /* MJPObjectWithNameShortName.m in Sources */ = {isa = PBXBuildFile; fileRef = D74589121D48773B00A85472 /* MJPObjectWithNameShortName.m */; };
		D74589371D48773B00A85472 /* MJPObjectWithNameShortNameDesc.m in Sources */ = {isa = PBXBuildFile; fileRef = D74589141D48773B00A85472 /* MJPObjectWithNameShortNameDesc.m */; };
		D74589381D48773B00A85472 /* Nationality.m in Sources */ = {isa = PBXBuildFile; fileRef = D74589161D48773B00A85472 /* Nationality.m */; };
		D74589391D48773B00A85472 /* Pitch.m in Sources */ = {isa = PBXBuildFile; fileRef = D74589181D48773B00A85472 /* Pitch.m */; };
		D745893A1D48773B00A85472 /* Profile.m in Sources */ = {isa = PBXBuildFile; fileRef = D745891A1D48773B00A85472 /* Profile.m */; };
		D745893B1D48773B00A85472 /* RegisterRequest.m in Sources */ = {isa = PBXBuildFile; fileRef = D745891C1D48773B00A85472 /* RegisterRequest.m */; };
		D745893C1D48773B00A85472 /* Role.m in Sources */ = {isa = PBXBuildFile; fileRef = D745891E1D48773B00A85472 /* Role.m */; };
		D745893D1D48773B00A85472 /* Sector.m in Sources */ = {isa = PBXBuildFile; fileRef = D74589201D48773B00A85472 /* Sector.m */; };
		D745893E1D48773B00A85472 /* Sex.m in Sources */ = {isa = PBXBuildFile; fileRef = D74589221D48773B00A85472 /* Sex.m */; };
		D745893F1D48773B00A85472 /* User.m in Sources */ = {isa = PBXBuildFile; fileRef = D74589241D48773B00A85472 /* User.m */; };
		D74589421D48963900A85472 /* PasswordChangeRequest.m in Sources */ = {isa = PBXBuildFile; fileRef = D74589411D48963900A85472 /* PasswordChangeRequest.m */; };
		D74589451D48ABB000A85472 /* PasswordResetRequest.m in Sources */ = {isa = PBXBuildFile; fileRef = D74589441D48ABB000A85472 /* PasswordResetRequest.m */; };
		D78904E91D47FC6600E980D9 /* ChangePassword.m in Sources */ = {isa = PBXBuildFile; fileRef = D78904E81D47FC6600E980D9 /* ChangePassword.m */; };
		D78904EC1D48586D00E980D9 /* AppHelper.m in Sources */ = {isa = PBXBuildFile; fileRef = D78904EB1D48586D00E980D9 /* AppHelper.m */; };
		D7E94F8C1D179D6700866604 /* MyCameraViewController.m in Sources */ = {isa = PBXBuildFile; fileRef = D7E94F891D179D6700866604 /* MyCameraViewController.m */; };
		D7E94F8D1D179D6700866604 /* MyCameraPreviewView.m in Sources */ = {isa = PBXBuildFile; fileRef = D7E94F8B1D179D6700866604 /* MyCameraPreviewView.m */; };
		D7FA423D1D0EB2D200E93C66 /* MyAlertController.m in Sources */ = {isa = PBXBuildFile; fileRef = D7FA423C1D0EB2D200E93C66 /* MyAlertController.m */; };
		FF9A5040750B22C5222FF605 /* libPods.a in Frameworks */ = {isa = PBXBuildFile; fileRef = 0B006CB817BA624E01EDF19B /* libPods.a */; };
/* End PBXBuildFile section */

/* Begin PBXContainerItemProxy section */
		CE6FD3511C01F9BC001A04C3 /* PBXContainerItemProxy */ = {
			isa = PBXContainerItemProxy;
			containerPortal = CE6FD32F1C01F9BB001A04C3 /* Project object */;
			proxyType = 1;
			remoteGlobalIDString = CE6FD3361C01F9BB001A04C3;
			remoteInfo = "My Job Pitch";
		};
/* End PBXContainerItemProxy section */

/* Begin PBXFileReference section */
		0B006CB817BA624E01EDF19B /* libPods.a */ = {isa = PBXFileReference; explicitFileType = archive.ar; includeInIndex = 0; path = libPods.a; sourceTree = BUILT_PRODUCTS_DIR; };
		B0F6E4D8F0045A1E43790385 /* Pods.release.xcconfig */ = {isa = PBXFileReference; includeInIndex = 1; lastKnownFileType = text.xcconfig; name = Pods.release.xcconfig; path = "Pods/Target Support Files/Pods/Pods.release.xcconfig"; sourceTree = "<group>"; };
		CE45AEC21C0B41380092AB75 /* MJPViewController.h */ = {isa = PBXFileReference; fileEncoding = 4; lastKnownFileType = sourcecode.c.h; path = MJPViewController.h; sourceTree = "<group>"; };
		CE45AEC31C0B41390092AB75 /* MJPViewController.m */ = {isa = PBXFileReference; fileEncoding = 4; lastKnownFileType = sourcecode.c.objc; path = MJPViewController.m; sourceTree = "<group>"; };
		CE59737B1C1626630096B001 /* JobSeekerProfileView.h */ = {isa = PBXFileReference; fileEncoding = 4; lastKnownFileType = sourcecode.c.h; path = JobSeekerProfileView.h; sourceTree = "<group>"; };
		CE59737C1C1626630096B001 /* JobSeekerProfileView.m */ = {isa = PBXFileReference; fileEncoding = 4; lastKnownFileType = sourcecode.c.objc; path = JobSeekerProfileView.m; sourceTree = "<group>"; };
		CE6FD3371C01F9BB001A04C3 /* MyJobPitch.app */ = {isa = PBXFileReference; explicitFileType = wrapper.application; includeInIndex = 0; path = MyJobPitch.app; sourceTree = BUILT_PRODUCTS_DIR; };
		CE6FD33B1C01F9BB001A04C3 /* main.m */ = {isa = PBXFileReference; lastKnownFileType = sourcecode.c.objc; path = main.m; sourceTree = "<group>"; };
		CE6FD33D1C01F9BB001A04C3 /* AppDelegate.h */ = {isa = PBXFileReference; lastKnownFileType = sourcecode.c.h; path = AppDelegate.h; sourceTree = "<group>"; };
		CE6FD33E1C01F9BB001A04C3 /* AppDelegate.m */ = {isa = PBXFileReference; lastKnownFileType = sourcecode.c.objc; path = AppDelegate.m; sourceTree = "<group>"; };
		CE6FD3401C01F9BB001A04C3 /* Login.h */ = {isa = PBXFileReference; lastKnownFileType = sourcecode.c.h; path = Login.h; sourceTree = "<group>"; };
		CE6FD3411C01F9BB001A04C3 /* Login.m */ = {isa = PBXFileReference; lastKnownFileType = sourcecode.c.objc; path = Login.m; sourceTree = "<group>"; };
		CE6FD3441C01F9BB001A04C3 /* Base */ = {isa = PBXFileReference; lastKnownFileType = file.storyboard; name = Base; path = Base.lproj/Main.storyboard; sourceTree = "<group>"; };
		CE6FD3461C01F9BC001A04C3 /* Assets.xcassets */ = {isa = PBXFileReference; lastKnownFileType = folder.assetcatalog; path = Assets.xcassets; sourceTree = "<group>"; };
		CE6FD3491C01F9BC001A04C3 /* Base */ = {isa = PBXFileReference; lastKnownFileType = file.storyboard; name = Base; path = Base.lproj/LaunchScreen.storyboard; sourceTree = "<group>"; };
		CE6FD34B1C01F9BC001A04C3 /* Info.plist */ = {isa = PBXFileReference; lastKnownFileType = text.plist.xml; path = Info.plist; sourceTree = "<group>"; };
		CE6FD3501C01F9BC001A04C3 /* MyJobPitch.xctest */ = {isa = PBXFileReference; explicitFileType = wrapper.cfbundle; includeInIndex = 0; path = MyJobPitch.xctest; sourceTree = BUILT_PRODUCTS_DIR; };
		CE6FD3541C01F9BC001A04C3 /* My_Job_PitchTests.m */ = {isa = PBXFileReference; lastKnownFileType = sourcecode.c.objc; path = My_Job_PitchTests.m; sourceTree = "<group>"; };
		CE6FD3561C01F9BC001A04C3 /* Info.plist */ = {isa = PBXFileReference; lastKnownFileType = text.plist.xml; path = Info.plist; sourceTree = "<group>"; };
		CE7742331C92368200A9A2BA /* SimpleListCell.h */ = {isa = PBXFileReference; fileEncoding = 4; lastKnownFileType = sourcecode.c.h; path = SimpleListCell.h; sourceTree = "<group>"; };
		CE7742341C92368200A9A2BA /* SimpleListCell.m */ = {isa = PBXFileReference; fileEncoding = 4; lastKnownFileType = sourcecode.c.objc; path = SimpleListCell.m; sourceTree = "<group>"; };
		CE7742361C923D4900A9A2BA /* ListLocations.h */ = {isa = PBXFileReference; fileEncoding = 4; lastKnownFileType = sourcecode.c.h; path = ListLocations.h; sourceTree = "<group>"; };
		CE7742371C923D4900A9A2BA /* ListLocations.m */ = {isa = PBXFileReference; fileEncoding = 4; lastKnownFileType = sourcecode.c.objc; path = ListLocations.m; sourceTree = "<group>"; };
		CE7742391C923EAD00A9A2BA /* ListJobs.h */ = {isa = PBXFileReference; fileEncoding = 4; lastKnownFileType = sourcecode.c.h; path = ListJobs.h; sourceTree = "<group>"; };
		CE77423A1C923EAD00A9A2BA /* ListJobs.m */ = {isa = PBXFileReference; fileEncoding = 4; lastKnownFileType = sourcecode.c.objc; path = ListJobs.m; sourceTree = "<group>"; };
		CE77423F1C95D6C000A9A2BA /* EditJob.h */ = {isa = PBXFileReference; fileEncoding = 4; lastKnownFileType = sourcecode.c.h; path = EditJob.h; sourceTree = "<group>"; };
		CE7742401C95D6C000A9A2BA /* EditJob.m */ = {isa = PBXFileReference; fileEncoding = 4; lastKnownFileType = sourcecode.c.objc; path = EditJob.m; sourceTree = "<group>"; };
		CE7742421C95D85300A9A2BA /* JobEditView.h */ = {isa = PBXFileReference; fileEncoding = 4; lastKnownFileType = sourcecode.c.h; path = JobEditView.h; sourceTree = "<group>"; };
		CE7742431C95D85300A9A2BA /* JobEditView.m */ = {isa = PBXFileReference; fileEncoding = 4; lastKnownFileType = sourcecode.c.objc; path = JobEditView.m; sourceTree = "<group>"; };
		CE7742451C95D88000A9A2BA /* JobEditView.xib */ = {isa = PBXFileReference; fileEncoding = 4; lastKnownFileType = file.xib; path = JobEditView.xib; sourceTree = "<group>"; };
		CE7742471C9623C300A9A2BA /* ViewJobMenu.h */ = {isa = PBXFileReference; fileEncoding = 4; lastKnownFileType = sourcecode.c.h; path = ViewJobMenu.h; sourceTree = "<group>"; };
		CE7742481C9623C300A9A2BA /* ViewJobMenu.m */ = {isa = PBXFileReference; fileEncoding = 4; lastKnownFileType = sourcecode.c.objc; path = ViewJobMenu.m; sourceTree = "<group>"; };
		CE77424A1C96244900A9A2BA /* ViewJob.h */ = {isa = PBXFileReference; fileEncoding = 4; lastKnownFileType = sourcecode.c.h; path = ViewJob.h; sourceTree = "<group>"; };
		CE77424B1C96244900A9A2BA /* ViewJob.m */ = {isa = PBXFileReference; fileEncoding = 4; lastKnownFileType = sourcecode.c.objc; path = ViewJob.m; sourceTree = "<group>"; };
		CE8395A61C3EF98F007A8213 /* EditProfile.h */ = {isa = PBXFileReference; fileEncoding = 4; lastKnownFileType = sourcecode.c.h; path = EditProfile.h; sourceTree = "<group>"; };
		CE8395A71C3EF98F007A8213 /* EditProfile.m */ = {isa = PBXFileReference; fileEncoding = 4; lastKnownFileType = sourcecode.c.objc; path = EditProfile.m; sourceTree = "<group>"; };
		CE8395A91C42F279007A8213 /* SwipeView.h */ = {isa = PBXFileReference; fileEncoding = 4; lastKnownFileType = sourcecode.c.h; path = SwipeView.h; sourceTree = "<group>"; };
		CE8395AA1C42F279007A8213 /* SwipeView.m */ = {isa = PBXFileReference; fileEncoding = 4; lastKnownFileType = sourcecode.c.objc; path = SwipeView.m; sourceTree = "<group>"; };
		CE86847C1C0E570300D4B6C7 /* ScrollingViewController.h */ = {isa = PBXFileReference; fileEncoding = 4; lastKnownFileType = sourcecode.c.h; path = ScrollingViewController.h; sourceTree = "<group>"; };
		CE86847D1C0E570300D4B6C7 /* ScrollingViewController.m */ = {isa = PBXFileReference; fileEncoding = 4; lastKnownFileType = sourcecode.c.objc; path = ScrollingViewController.m; sourceTree = "<group>"; };
		CE8AAFE61C5848490004F021 /* JobSeekerSearchProfileView.xib */ = {isa = PBXFileReference; fileEncoding = 4; lastKnownFileType = file.xib; path = JobSeekerSearchProfileView.xib; sourceTree = "<group>"; };
		CE8AAFE81C5848900004F021 /* JobSeekerSearchProfileView.h */ = {isa = PBXFileReference; fileEncoding = 4; lastKnownFileType = sourcecode.c.h; path = JobSeekerSearchProfileView.h; sourceTree = "<group>"; };
		CE8AAFE91C5848900004F021 /* JobSeekerSearchProfileView.m */ = {isa = PBXFileReference; fileEncoding = 4; lastKnownFileType = sourcecode.c.objc; path = JobSeekerSearchProfileView.m; sourceTree = "<group>"; };
		CE8AAFEB1C5850C40004F021 /* EditSearchProfile.h */ = {isa = PBXFileReference; fileEncoding = 4; lastKnownFileType = sourcecode.c.h; path = EditSearchProfile.h; sourceTree = "<group>"; };
		CE8AAFEC1C5850C40004F021 /* EditSearchProfile.m */ = {isa = PBXFileReference; fileEncoding = 4; lastKnownFileType = sourcecode.c.objc; path = EditSearchProfile.m; sourceTree = "<group>"; };
		CE8AAFF51C599FA50004F021 /* DownPickerMultiple.h */ = {isa = PBXFileReference; fileEncoding = 4; lastKnownFileType = sourcecode.c.h; path = DownPickerMultiple.h; sourceTree = "<group>"; };
		CE8AAFF61C599FA50004F021 /* DownPickerMultiple.m */ = {isa = PBXFileReference; fileEncoding = 4; lastKnownFileType = sourcecode.c.objc; path = DownPickerMultiple.m; sourceTree = "<group>"; };
		CE8AAFF81C59A2DE0004F021 /* LocationMap.xib */ = {isa = PBXFileReference; fileEncoding = 4; lastKnownFileType = file.xib; path = LocationMap.xib; sourceTree = "<group>"; };
		CE8AAFFA1C59A7820004F021 /* LocationMapView.h */ = {isa = PBXFileReference; fileEncoding = 4; lastKnownFileType = sourcecode.c.h; path = LocationMapView.h; sourceTree = "<group>"; };
		CE8AAFFB1C59A7820004F021 /* LocationMapView.m */ = {isa = PBXFileReference; fileEncoding = 4; lastKnownFileType = sourcecode.c.objc; path = LocationMapView.m; sourceTree = "<group>"; };
		CE8AAFFD1C5AD62E0004F021 /* CoreLocation.framework */ = {isa = PBXFileReference; lastKnownFileType = wrapper.framework; name = CoreLocation.framework; path = System/Library/Frameworks/CoreLocation.framework; sourceTree = SDKROOT; };
		CE8AB0021C5B04320004F021 /* JobDetails.h */ = {isa = PBXFileReference; fileEncoding = 4; lastKnownFileType = sourcecode.c.h; path = JobDetails.h; sourceTree = "<group>"; };
		CE8AB0031C5B04320004F021 /* JobDetails.m */ = {isa = PBXFileReference; fileEncoding = 4; lastKnownFileType = sourcecode.c.objc; path = JobDetails.m; sourceTree = "<group>"; };
		CE8AB0091C5EA9F60004F021 /* MessageListCell.h */ = {isa = PBXFileReference; fileEncoding = 4; lastKnownFileType = sourcecode.c.h; path = MessageListCell.h; sourceTree = "<group>"; };
		CE8AB00A1C5EA9F60004F021 /* MessageListCell.m */ = {isa = PBXFileReference; fileEncoding = 4; lastKnownFileType = sourcecode.c.objc; path = MessageListCell.m; sourceTree = "<group>"; };
		CE8AB00F1C5EB66C0004F021 /* Messages.h */ = {isa = PBXFileReference; fileEncoding = 4; lastKnownFileType = sourcecode.c.h; path = Messages.h; sourceTree = "<group>"; };
		CE8AB0101C5EB66C0004F021 /* Messages.m */ = {isa = PBXFileReference; fileEncoding = 4; lastKnownFileType = sourcecode.c.objc; path = Messages.m; sourceTree = "<group>"; };
		CE8AB0151C5EDB7B0004F021 /* MessageThread.h */ = {isa = PBXFileReference; fileEncoding = 4; lastKnownFileType = sourcecode.c.h; path = MessageThread.h; sourceTree = "<group>"; };
		CE8AB0161C5EDB7B0004F021 /* MessageThread.m */ = {isa = PBXFileReference; fileEncoding = 4; lastKnownFileType = sourcecode.c.objc; path = MessageThread.m; sourceTree = "<group>"; };
		CE8AB0181C5EE4B70004F021 /* MessageThreadCell.h */ = {isa = PBXFileReference; fileEncoding = 4; lastKnownFileType = sourcecode.c.h; path = MessageThreadCell.h; sourceTree = "<group>"; };
		CE8AB0191C5EE4B80004F021 /* MessageThreadCell.m */ = {isa = PBXFileReference; fileEncoding = 4; lastKnownFileType = sourcecode.c.objc; path = MessageThreadCell.m; sourceTree = "<group>"; };
		CE8AB01B1C6029D90004F021 /* RecordPitch.h */ = {isa = PBXFileReference; fileEncoding = 4; lastKnownFileType = sourcecode.c.h; path = RecordPitch.h; sourceTree = "<group>"; };
		CE8AB01C1C6029D90004F021 /* RecordPitch.m */ = {isa = PBXFileReference; fileEncoding = 4; lastKnownFileType = sourcecode.c.objc; path = RecordPitch.m; sourceTree = "<group>"; };
		CE8AB01E1C6038750004F021 /* AVFoundation.framework */ = {isa = PBXFileReference; lastKnownFileType = wrapper.framework; name = AVFoundation.framework; path = System/Library/Frameworks/AVFoundation.framework; sourceTree = SDKROOT; };
		CE8AB01F1C6038750004F021 /* AVKit.framework */ = {isa = PBXFileReference; lastKnownFileType = wrapper.framework; name = AVKit.framework; path = System/Library/Frameworks/AVKit.framework; sourceTree = SDKROOT; };
		CE8AB0221C617F550004F021 /* BusinessEditView.h */ = {isa = PBXFileReference; fileEncoding = 4; lastKnownFileType = sourcecode.c.h; path = BusinessEditView.h; sourceTree = "<group>"; };
		CE8AB0231C617F550004F021 /* BusinessEditView.m */ = {isa = PBXFileReference; fileEncoding = 4; lastKnownFileType = sourcecode.c.objc; path = BusinessEditView.m; sourceTree = "<group>"; };
		CE8AB0251C61826B0004F021 /* BusinessEditView.xib */ = {isa = PBXFileReference; fileEncoding = 4; lastKnownFileType = file.xib; path = BusinessEditView.xib; sourceTree = "<group>"; };
		CE8AB0271C6AA22E0004F021 /* LocationEditView.xib */ = {isa = PBXFileReference; fileEncoding = 4; lastKnownFileType = file.xib; path = LocationEditView.xib; sourceTree = "<group>"; };
		CE8AB0291C6AA2490004F021 /* LocationEditView.h */ = {isa = PBXFileReference; fileEncoding = 4; lastKnownFileType = sourcecode.c.h; path = LocationEditView.h; sourceTree = "<group>"; };
		CE8AB02A1C6AA2490004F021 /* LocationEditView.m */ = {isa = PBXFileReference; fileEncoding = 4; lastKnownFileType = sourcecode.c.objc; path = LocationEditView.m; sourceTree = "<group>"; };
		CEB424111C9A35BC0012748B /* JobSeekerDetails.h */ = {isa = PBXFileReference; fileEncoding = 4; lastKnownFileType = sourcecode.c.h; path = JobSeekerDetails.h; sourceTree = "<group>"; };
		CEB424121C9A35BC0012748B /* JobSeekerDetails.m */ = {isa = PBXFileReference; fileEncoding = 4; lastKnownFileType = sourcecode.c.objc; path = JobSeekerDetails.m; sourceTree = "<group>"; };
		CEE005651C90D6D50065E43A /* CreateJobSeekerProfile.h */ = {isa = PBXFileReference; fileEncoding = 4; lastKnownFileType = sourcecode.c.h; path = CreateJobSeekerProfile.h; sourceTree = "<group>"; };
		CEE005661C90D6D50065E43A /* CreateJobSeekerProfile.m */ = {isa = PBXFileReference; fileEncoding = 4; lastKnownFileType = sourcecode.c.objc; path = CreateJobSeekerProfile.m; sourceTree = "<group>"; };
		CEE005681C90DEC90065E43A /* CreateRecruiterProfile.h */ = {isa = PBXFileReference; fileEncoding = 4; lastKnownFileType = sourcecode.c.h; path = CreateRecruiterProfile.h; sourceTree = "<group>"; };
		CEE005691C90DEC90065E43A /* CreateRecruiterProfile.m */ = {isa = PBXFileReference; fileEncoding = 4; lastKnownFileType = sourcecode.c.objc; path = CreateRecruiterProfile.m; sourceTree = "<group>"; };
		CEE04A9A1C0F896300697620 /* ListBusinesses.h */ = {isa = PBXFileReference; fileEncoding = 4; lastKnownFileType = sourcecode.c.h; path = ListBusinesses.h; sourceTree = "<group>"; };
		CEE04A9B1C0F896300697620 /* ListBusinesses.m */ = {isa = PBXFileReference; fileEncoding = 4; lastKnownFileType = sourcecode.c.objc; path = ListBusinesses.m; sourceTree = "<group>"; };
		CEE04A9D1C0F8A9100697620 /* JobSeekerHome.h */ = {isa = PBXFileReference; fileEncoding = 4; lastKnownFileType = sourcecode.c.h; path = JobSeekerHome.h; sourceTree = "<group>"; };
		CEE04A9E1C0F8A9100697620 /* JobSeekerHome.m */ = {isa = PBXFileReference; fileEncoding = 4; lastKnownFileType = sourcecode.c.objc; path = JobSeekerHome.m; sourceTree = "<group>"; wrapsLines = 1; };
		CEE04AA01C0F8C6700697620 /* CreateProfile.h */ = {isa = PBXFileReference; fileEncoding = 4; lastKnownFileType = sourcecode.c.h; path = CreateProfile.h; sourceTree = "<group>"; };
		CEE04AA11C0F8C6700697620 /* CreateProfile.m */ = {isa = PBXFileReference; fileEncoding = 4; lastKnownFileType = sourcecode.c.objc; path = CreateProfile.m; sourceTree = "<group>"; };
		CEE04AA31C10EAD900697620 /* ErrorTextField.xib */ = {isa = PBXFileReference; fileEncoding = 4; lastKnownFileType = file.xib; path = ErrorTextField.xib; sourceTree = "<group>"; };
		CEE04AA51C10EE2000697620 /* ErrorTextField.h */ = {isa = PBXFileReference; fileEncoding = 4; lastKnownFileType = sourcecode.c.h; path = ErrorTextField.h; sourceTree = "<group>"; };
		CEE04AA61C10EE2000697620 /* ErrorTextField.m */ = {isa = PBXFileReference; fileEncoding = 4; lastKnownFileType = sourcecode.c.objc; path = ErrorTextField.m; sourceTree = "<group>"; };
		CEE04AA81C10F8FE00697620 /* JobSeekerProfileView.xib */ = {isa = PBXFileReference; fileEncoding = 4; lastKnownFileType = file.xib; path = JobSeekerProfileView.xib; sourceTree = "<group>"; };
		CEE52CEB1C0653AC00881648 /* PrefixHeader.pch */ = {isa = PBXFileReference; fileEncoding = 4; lastKnownFileType = sourcecode.c.h; path = PrefixHeader.pch; sourceTree = "<group>"; };
		CEE52CEC1C0654DD00881648 /* MobileCoreServices.framework */ = {isa = PBXFileReference; lastKnownFileType = wrapper.framework; name = MobileCoreServices.framework; path = System/Library/Frameworks/MobileCoreServices.framework; sourceTree = SDKROOT; };
		CEE52CEE1C0654E900881648 /* Security.framework */ = {isa = PBXFileReference; lastKnownFileType = wrapper.framework; name = Security.framework; path = System/Library/Frameworks/Security.framework; sourceTree = SDKROOT; };
		CEE52CF01C0654F200881648 /* CFNetwork.framework */ = {isa = PBXFileReference; lastKnownFileType = wrapper.framework; name = CFNetwork.framework; path = System/Library/Frameworks/CFNetwork.framework; sourceTree = SDKROOT; };
		CEE52CF21C0654FB00881648 /* SystemConfiguration.framework */ = {isa = PBXFileReference; lastKnownFileType = wrapper.framework; name = SystemConfiguration.framework; path = System/Library/Frameworks/SystemConfiguration.framework; sourceTree = SDKROOT; };
		CEE52CF41C06550500881648 /* UIKit.framework */ = {isa = PBXFileReference; lastKnownFileType = wrapper.framework; name = UIKit.framework; path = System/Library/Frameworks/UIKit.framework; sourceTree = SDKROOT; };
		CEE52CF61C06550E00881648 /* Foundation.framework */ = {isa = PBXFileReference; lastKnownFileType = wrapper.framework; name = Foundation.framework; path = System/Library/Frameworks/Foundation.framework; sourceTree = SDKROOT; };
		CFA3EA2BF05430C3C9894AA5 /* Pods.debug.xcconfig */ = {isa = PBXFileReference; includeInIndex = 1; lastKnownFileType = text.xcconfig; name = Pods.debug.xcconfig; path = "Pods/Target Support Files/Pods/Pods.debug.xcconfig"; sourceTree = "<group>"; };
		D71EAC691D33D04800E32ED1 /* KxMenu.h */ = {isa = PBXFileReference; fileEncoding = 4; lastKnownFileType = sourcecode.c.h; path = KxMenu.h; sourceTree = "<group>"; };
		D71EAC6A1D33D04800E32ED1 /* KxMenu.m */ = {isa = PBXFileReference; fileEncoding = 4; lastKnownFileType = sourcecode.c.objc; path = KxMenu.m; sourceTree = "<group>"; };
		D74588E91D48771800A85472 /* LockableNavigationController.h */ = {isa = PBXFileReference; fileEncoding = 4; lastKnownFileType = sourcecode.c.h; path = LockableNavigationController.h; sourceTree = "<group>"; };
		D74588EA1D48771800A85472 /* LockableNavigationController.m */ = {isa = PBXFileReference; fileEncoding = 4; lastKnownFileType = sourcecode.c.objc; path = LockableNavigationController.m; sourceTree = "<group>"; };
		D74588EC1D48772E00A85472 /* API.h */ = {isa = PBXFileReference; fileEncoding = 4; lastKnownFileType = sourcecode.c.h; name = API.h; path = API/API.h; sourceTree = "<group>"; };
		D74588ED1D48772E00A85472 /* API.m */ = {isa = PBXFileReference; fileEncoding = 4; lastKnownFileType = sourcecode.c.objc; name = API.m; path = API/API.m; sourceTree = "<group>"; };
		D74588EF1D48773B00A85472 /* Application.h */ = {isa = PBXFileReference; fileEncoding = 4; lastKnownFileType = sourcecode.c.h; name = Application.h; path = API/Application.h; sourceTree = "<group>"; };
		D74588F01D48773B00A85472 /* Application.m */ = {isa = PBXFileReference; fileEncoding = 4; lastKnownFileType = sourcecode.c.objc; name = Application.m; path = API/Application.m; sourceTree = "<group>"; };
		D74588F11D48773B00A85472 /* ApplicationStatus.h */ = {isa = PBXFileReference; fileEncoding = 4; lastKnownFileType = sourcecode.c.h; name = ApplicationStatus.h; path = API/ApplicationStatus.h; sourceTree = "<group>"; };
		D74588F21D48773B00A85472 /* ApplicationStatus.m */ = {isa = PBXFileReference; fileEncoding = 4; lastKnownFileType = sourcecode.c.objc; name = ApplicationStatus.m; path = API/ApplicationStatus.m; sourceTree = "<group>"; };
		D74588F31D48773B00A85472 /* AuthToken.h */ = {isa = PBXFileReference; fileEncoding = 4; lastKnownFileType = sourcecode.c.h; name = AuthToken.h; path = API/AuthToken.h; sourceTree = "<group>"; };
		D74588F41D48773B00A85472 /* AuthToken.m */ = {isa = PBXFileReference; fileEncoding = 4; lastKnownFileType = sourcecode.c.objc; name = AuthToken.m; path = API/AuthToken.m; sourceTree = "<group>"; };
		D74588F51D48773B00A85472 /* Business.h */ = {isa = PBXFileReference; fileEncoding = 4; lastKnownFileType = sourcecode.c.h; name = Business.h; path = API/Business.h; sourceTree = "<group>"; };
		D74588F61D48773B00A85472 /* Business.m */ = {isa = PBXFileReference; fileEncoding = 4; lastKnownFileType = sourcecode.c.objc; name = Business.m; path = API/Business.m; sourceTree = "<group>"; };
		D74588F71D48773B00A85472 /* Contract.h */ = {isa = PBXFileReference; fileEncoding = 4; lastKnownFileType = sourcecode.c.h; name = Contract.h; path = API/Contract.h; sourceTree = "<group>"; };
		D74588F81D48773B00A85472 /* Contract.m */ = {isa = PBXFileReference; fileEncoding = 4; lastKnownFileType = sourcecode.c.objc; name = Contract.m; path = API/Contract.m; sourceTree = "<group>"; };
		D74588F91D48773B00A85472 /* Hours.h */ = {isa = PBXFileReference; fileEncoding = 4; lastKnownFileType = sourcecode.c.h; name = Hours.h; path = API/Hours.h; sourceTree = "<group>"; };
		D74588FA1D48773B00A85472 /* Hours.m */ = {isa = PBXFileReference; fileEncoding = 4; lastKnownFileType = sourcecode.c.objc; name = Hours.m; path = API/Hours.m; sourceTree = "<group>"; };
		D74588FB1D48773B00A85472 /* Image.h */ = {isa = PBXFileReference; fileEncoding = 4; lastKnownFileType = sourcecode.c.h; name = Image.h; path = API/Image.h; sourceTree = "<group>"; };
		D74588FC1D48773B00A85472 /* Image.m */ = {isa = PBXFileReference; fileEncoding = 4; lastKnownFileType = sourcecode.c.objc; name = Image.m; path = API/Image.m; sourceTree = "<group>"; };
		D74588FD1D48773B00A85472 /* Job.h */ = {isa = PBXFileReference; fileEncoding = 4; lastKnownFileType = sourcecode.c.h; name = Job.h; path = API/Job.h; sourceTree = "<group>"; };
		D74588FE1D48773B00A85472 /* Job.m */ = {isa = PBXFileReference; fileEncoding = 4; lastKnownFileType = sourcecode.c.objc; name = Job.m; path = API/Job.m; sourceTree = "<group>"; };
		D74588FF1D48773B00A85472 /* JobSeeker.h */ = {isa = PBXFileReference; fileEncoding = 4; lastKnownFileType = sourcecode.c.h; name = JobSeeker.h; path = API/JobSeeker.h; sourceTree = "<group>"; };
		D74589001D48773B00A85472 /* JobSeeker.m */ = {isa = PBXFileReference; fileEncoding = 4; lastKnownFileType = sourcecode.c.objc; name = JobSeeker.m; path = API/JobSeeker.m; sourceTree = "<group>"; };
		D74589011D48773B00A85472 /* JobStatus.h */ = {isa = PBXFileReference; fileEncoding = 4; lastKnownFileType = sourcecode.c.h; name = JobStatus.h; path = API/JobStatus.h; sourceTree = "<group>"; };
		D74589021D48773B00A85472 /* JobStatus.m */ = {isa = PBXFileReference; fileEncoding = 4; lastKnownFileType = sourcecode.c.objc; name = JobStatus.m; path = API/JobStatus.m; sourceTree = "<group>"; };
		D74589031D48773B00A85472 /* Location.h */ = {isa = PBXFileReference; fileEncoding = 4; lastKnownFileType = sourcecode.c.h; name = Location.h; path = API/Location.h; sourceTree = "<group>"; };
		D74589041D48773B00A85472 /* Location.m */ = {isa = PBXFileReference; fileEncoding = 4; lastKnownFileType = sourcecode.c.objc; name = Location.m; path = API/Location.m; sourceTree = "<group>"; };
		D74589051D48773B00A85472 /* LoginRequest.h */ = {isa = PBXFileReference; fileEncoding = 4; lastKnownFileType = sourcecode.c.h; name = LoginRequest.h; path = API/LoginRequest.h; sourceTree = "<group>"; };
		D74589061D48773B00A85472 /* LoginRequest.m */ = {isa = PBXFileReference; fileEncoding = 4; lastKnownFileType = sourcecode.c.objc; name = LoginRequest.m; path = API/LoginRequest.m; sourceTree = "<group>"; };
		D74589071D48773B00A85472 /* Message.h */ = {isa = PBXFileReference; fileEncoding = 4; lastKnownFileType = sourcecode.c.h; name = Message.h; path = API/Message.h; sourceTree = "<group>"; };
		D74589081D48773B00A85472 /* Message.m */ = {isa = PBXFileReference; fileEncoding = 4; lastKnownFileType = sourcecode.c.objc; name = Message.m; path = API/Message.m; sourceTree = "<group>"; };
		D74589091D48773B00A85472 /* MJPObject.h */ = {isa = PBXFileReference; fileEncoding = 4; lastKnownFileType = sourcecode.c.h; name = MJPObject.h; path = API/MJPObject.h; sourceTree = "<group>"; };
		D745890A1D48773B00A85472 /* MJPObject.m */ = {isa = PBXFileReference; fileEncoding = 4; lastKnownFileType = sourcecode.c.objc; name = MJPObject.m; path = API/MJPObject.m; sourceTree = "<group>"; };
		D745890B1D48773B00A85472 /* MJPObjectWithDates.h */ = {isa = PBXFileReference; fileEncoding = 4; lastKnownFileType = sourcecode.c.h; name = MJPObjectWithDates.h; path = API/MJPObjectWithDates.h; sourceTree = "<group>"; };
		D745890C1D48773B00A85472 /* MJPObjectWithDates.m */ = {isa = PBXFileReference; fileEncoding = 4; lastKnownFileType = sourcecode.c.objc; name = MJPObjectWithDates.m; path = API/MJPObjectWithDates.m; sourceTree = "<group>"; };
		D745890D1D48773B00A85472 /* MJPObjectWithName.h */ = {isa = PBXFileReference; fileEncoding = 4; lastKnownFileType = sourcecode.c.h; name = MJPObjectWithName.h; path = API/MJPObjectWithName.h; sourceTree = "<group>"; };
		D745890E1D48773B00A85472 /* MJPObjectWithName.m */ = {isa = PBXFileReference; fileEncoding = 4; lastKnownFileType = sourcecode.c.objc; name = MJPObjectWithName.m; path = API/MJPObjectWithName.m; sourceTree = "<group>"; };
		D745890F1D48773B00A85472 /* MJPObjectWithNameDesc.h */ = {isa = PBXFileReference; fileEncoding = 4; lastKnownFileType = sourcecode.c.h; name = MJPObjectWithNameDesc.h; path = API/MJPObjectWithNameDesc.h; sourceTree = "<group>"; };
		D74589101D48773B00A85472 /* MJPObjectWithNameDesc.m */ = {isa = PBXFileReference; fileEncoding = 4; lastKnownFileType = sourcecode.c.objc; name = MJPObjectWithNameDesc.m; path = API/MJPObjectWithNameDesc.m; sourceTree = "<group>"; };
		D74589111D48773B00A85472 /* MJPObjectWithNameShortName.h */ = {isa = PBXFileReference; fileEncoding = 4; lastKnownFileType = sourcecode.c.h; name = MJPObjectWithNameShortName.h; path = API/MJPObjectWithNameShortName.h; sourceTree = "<group>"; };
		D74589121D48773B00A85472 /* MJPObjectWithNameShortName.m */ = {isa = PBXFileReference; fileEncoding = 4; lastKnownFileType = sourcecode.c.objc; name = MJPObjectWithNameShortName.m; path = API/MJPObjectWithNameShortName.m; sourceTree = "<group>"; };
		D74589131D48773B00A85472 /* MJPObjectWithNameShortNameDesc.h */ = {isa = PBXFileReference; fileEncoding = 4; lastKnownFileType = sourcecode.c.h; name = MJPObjectWithNameShortNameDesc.h; path = API/MJPObjectWithNameShortNameDesc.h; sourceTree = "<group>"; };
		D74589141D48773B00A85472 /* MJPObjectWithNameShortNameDesc.m */ = {isa = PBXFileReference; fileEncoding = 4; lastKnownFileType = sourcecode.c.objc; name = MJPObjectWithNameShortNameDesc.m; path = API/MJPObjectWithNameShortNameDesc.m; sourceTree = "<group>"; };
		D74589151D48773B00A85472 /* Nationality.h */ = {isa = PBXFileReference; fileEncoding = 4; lastKnownFileType = sourcecode.c.h; name = Nationality.h; path = API/Nationality.h; sourceTree = "<group>"; };
		D74589161D48773B00A85472 /* Nationality.m */ = {isa = PBXFileReference; fileEncoding = 4; lastKnownFileType = sourcecode.c.objc; name = Nationality.m; path = API/Nationality.m; sourceTree = "<group>"; };
		D74589171D48773B00A85472 /* Pitch.h */ = {isa = PBXFileReference; fileEncoding = 4; lastKnownFileType = sourcecode.c.h; name = Pitch.h; path = API/Pitch.h; sourceTree = "<group>"; };
		D74589181D48773B00A85472 /* Pitch.m */ = {isa = PBXFileReference; fileEncoding = 4; lastKnownFileType = sourcecode.c.objc; name = Pitch.m; path = API/Pitch.m; sourceTree = "<group>"; };
		D74589191D48773B00A85472 /* Profile.h */ = {isa = PBXFileReference; fileEncoding = 4; lastKnownFileType = sourcecode.c.h; name = Profile.h; path = API/Profile.h; sourceTree = "<group>"; };
		D745891A1D48773B00A85472 /* Profile.m */ = {isa = PBXFileReference; fileEncoding = 4; lastKnownFileType = sourcecode.c.objc; name = Profile.m; path = API/Profile.m; sourceTree = "<group>"; };
		D745891B1D48773B00A85472 /* RegisterRequest.h */ = {isa = PBXFileReference; fileEncoding = 4; lastKnownFileType = sourcecode.c.h; name = RegisterRequest.h; path = API/RegisterRequest.h; sourceTree = "<group>"; };
		D745891C1D48773B00A85472 /* RegisterRequest.m */ = {isa = PBXFileReference; fileEncoding = 4; lastKnownFileType = sourcecode.c.objc; name = RegisterRequest.m; path = API/RegisterRequest.m; sourceTree = "<group>"; };
		D745891D1D48773B00A85472 /* Role.h */ = {isa = PBXFileReference; fileEncoding = 4; lastKnownFileType = sourcecode.c.h; name = Role.h; path = API/Role.h; sourceTree = "<group>"; };
		D745891E1D48773B00A85472 /* Role.m */ = {isa = PBXFileReference; fileEncoding = 4; lastKnownFileType = sourcecode.c.objc; name = Role.m; path = API/Role.m; sourceTree = "<group>"; };
		D745891F1D48773B00A85472 /* Sector.h */ = {isa = PBXFileReference; fileEncoding = 4; lastKnownFileType = sourcecode.c.h; name = Sector.h; path = API/Sector.h; sourceTree = "<group>"; };
		D74589201D48773B00A85472 /* Sector.m */ = {isa = PBXFileReference; fileEncoding = 4; lastKnownFileType = sourcecode.c.objc; name = Sector.m; path = API/Sector.m; sourceTree = "<group>"; };
		D74589211D48773B00A85472 /* Sex.h */ = {isa = PBXFileReference; fileEncoding = 4; lastKnownFileType = sourcecode.c.h; name = Sex.h; path = API/Sex.h; sourceTree = "<group>"; };
		D74589221D48773B00A85472 /* Sex.m */ = {isa = PBXFileReference; fileEncoding = 4; lastKnownFileType = sourcecode.c.objc; name = Sex.m; path = API/Sex.m; sourceTree = "<group>"; };
		D74589231D48773B00A85472 /* User.h */ = {isa = PBXFileReference; fileEncoding = 4; lastKnownFileType = sourcecode.c.h; name = User.h; path = API/User.h; sourceTree = "<group>"; };
		D74589241D48773B00A85472 /* User.m */ = {isa = PBXFileReference; fileEncoding = 4; lastKnownFileType = sourcecode.c.objc; name = User.m; path = API/User.m; sourceTree = "<group>"; };
		D74589401D48963900A85472 /* PasswordChangeRequest.h */ = {isa = PBXFileReference; fileEncoding = 4; lastKnownFileType = sourcecode.c.h; name = PasswordChangeRequest.h; path = API/PasswordChangeRequest.h; sourceTree = "<group>"; };
		D74589411D48963900A85472 /* PasswordChangeRequest.m */ = {isa = PBXFileReference; fileEncoding = 4; lastKnownFileType = sourcecode.c.objc; name = PasswordChangeRequest.m; path = API/PasswordChangeRequest.m; sourceTree = "<group>"; };
		D74589431D48ABB000A85472 /* PasswordResetRequest.h */ = {isa = PBXFileReference; fileEncoding = 4; lastKnownFileType = sourcecode.c.h; name = PasswordResetRequest.h; path = API/PasswordResetRequest.h; sourceTree = "<group>"; };
		D74589441D48ABB000A85472 /* PasswordResetRequest.m */ = {isa = PBXFileReference; fileEncoding = 4; lastKnownFileType = sourcecode.c.objc; name = PasswordResetRequest.m; path = API/PasswordResetRequest.m; sourceTree = "<group>"; };
		D78904E71D47FC6600E980D9 /* ChangePassword.h */ = {isa = PBXFileReference; fileEncoding = 4; lastKnownFileType = sourcecode.c.h; path = ChangePassword.h; sourceTree = "<group>"; };
		D78904E81D47FC6600E980D9 /* ChangePassword.m */ = {isa = PBXFileReference; fileEncoding = 4; lastKnownFileType = sourcecode.c.objc; path = ChangePassword.m; sourceTree = "<group>"; };
		D78904EA1D48586D00E980D9 /* AppHelper.h */ = {isa = PBXFileReference; fileEncoding = 4; lastKnownFileType = sourcecode.c.h; path = AppHelper.h; sourceTree = "<group>"; };
		D78904EB1D48586D00E980D9 /* AppHelper.m */ = {isa = PBXFileReference; fileEncoding = 4; lastKnownFileType = sourcecode.c.objc; path = AppHelper.m; sourceTree = "<group>"; };
		D7E94F881D179D6700866604 /* MyCameraViewController.h */ = {isa = PBXFileReference; fileEncoding = 4; lastKnownFileType = sourcecode.c.h; path = MyCameraViewController.h; sourceTree = "<group>"; };
		D7E94F891D179D6700866604 /* MyCameraViewController.m */ = {isa = PBXFileReference; fileEncoding = 4; lastKnownFileType = sourcecode.c.objc; path = MyCameraViewController.m; sourceTree = "<group>"; };
		D7E94F8A1D179D6700866604 /* MyCameraPreviewView.h */ = {isa = PBXFileReference; fileEncoding = 4; lastKnownFileType = sourcecode.c.h; path = MyCameraPreviewView.h; sourceTree = "<group>"; };
		D7E94F8B1D179D6700866604 /* MyCameraPreviewView.m */ = {isa = PBXFileReference; fileEncoding = 4; lastKnownFileType = sourcecode.c.objc; path = MyCameraPreviewView.m; sourceTree = "<group>"; };
		D7FA423B1D0EB2D200E93C66 /* MyAlertController.h */ = {isa = PBXFileReference; fileEncoding = 4; lastKnownFileType = sourcecode.c.h; path = MyAlertController.h; sourceTree = "<group>"; };
		D7FA423C1D0EB2D200E93C66 /* MyAlertController.m */ = {isa = PBXFileReference; fileEncoding = 4; lastKnownFileType = sourcecode.c.objc; path = MyAlertController.m; sourceTree = "<group>"; };
/* End PBXFileReference section */

/* Begin PBXFrameworksBuildPhase section */
		CE6FD3341C01F9BB001A04C3 /* Frameworks */ = {
			isa = PBXFrameworksBuildPhase;
			buildActionMask = 2147483647;
			files = (
				CE8AB0201C6038750004F021 /* AVFoundation.framework in Frameworks */,
				CE8AB0211C6038750004F021 /* AVKit.framework in Frameworks */,
				CE8AAFFE1C5AD62E0004F021 /* CoreLocation.framework in Frameworks */,
				CEE52CF71C06550E00881648 /* Foundation.framework in Frameworks */,
				CEE52CF51C06550500881648 /* UIKit.framework in Frameworks */,
				CEE52CF31C0654FB00881648 /* SystemConfiguration.framework in Frameworks */,
				CEE52CF11C0654F200881648 /* CFNetwork.framework in Frameworks */,
				CEE52CEF1C0654E900881648 /* Security.framework in Frameworks */,
				CEE52CED1C0654DD00881648 /* MobileCoreServices.framework in Frameworks */,
				8A670AFC6AF2FC453A25DE73 /* libPods.a in Frameworks */,
			);
			runOnlyForDeploymentPostprocessing = 0;
		};
		CE6FD34D1C01F9BC001A04C3 /* Frameworks */ = {
			isa = PBXFrameworksBuildPhase;
			buildActionMask = 2147483647;
			files = (
				FF9A5040750B22C5222FF605 /* libPods.a in Frameworks */,
			);
			runOnlyForDeploymentPostprocessing = 0;
		};
/* End PBXFrameworksBuildPhase section */

/* Begin PBXGroup section */
		CE6FD32E1C01F9BB001A04C3 = {
			isa = PBXGroup;
			children = (
				CE6FD3391C01F9BB001A04C3 /* My Job Pitch */,
				CE6FD3531C01F9BC001A04C3 /* My Job PitchTests */,
				CE6FD3381C01F9BB001A04C3 /* Products */,
				DD5A9C6E26418BFD38D06ACE /* Pods */,
				FFB8B70042B1AAA85F696FCB /* Frameworks */,
			);
			sourceTree = "<group>";
		};
		CE6FD3381C01F9BB001A04C3 /* Products */ = {
			isa = PBXGroup;
			children = (
				CE6FD3371C01F9BB001A04C3 /* MyJobPitch.app */,
				CE6FD3501C01F9BC001A04C3 /* MyJobPitch.xctest */,
			);
			name = Products;
			sourceTree = "<group>";
		};
		CE6FD3391C01F9BB001A04C3 /* My Job Pitch */ = {
			isa = PBXGroup;
			children = (
				CEE52CFB1C06624600881648 /* API */,
				D7E94F881D179D6700866604 /* MyCameraViewController.h */,
				D7E94F891D179D6700866604 /* MyCameraViewController.m */,
				D71EAC691D33D04800E32ED1 /* KxMenu.h */,
				D71EAC6A1D33D04800E32ED1 /* KxMenu.m */,
				D7E94F8A1D179D6700866604 /* MyCameraPreviewView.h */,
				D7E94F8B1D179D6700866604 /* MyCameraPreviewView.m */,
				CE6FD33D1C01F9BB001A04C3 /* AppDelegate.h */,
				CE6FD33E1C01F9BB001A04C3 /* AppDelegate.m */,
				D78904EA1D48586D00E980D9 /* AppHelper.h */,
				D78904EB1D48586D00E980D9 /* AppHelper.m */,
				CE6FD3401C01F9BB001A04C3 /* Login.h */,
				CE6FD3411C01F9BB001A04C3 /* Login.m */,
				CEE04AA01C0F8C6700697620 /* CreateProfile.h */,
				CEE04AA11C0F8C6700697620 /* CreateProfile.m */,
				D78904E71D47FC6600E980D9 /* ChangePassword.h */,
				D78904E81D47FC6600E980D9 /* ChangePassword.m */,
				CEE005651C90D6D50065E43A /* CreateJobSeekerProfile.h */,
				CEE005661C90D6D50065E43A /* CreateJobSeekerProfile.m */,
				CEE005681C90DEC90065E43A /* CreateRecruiterProfile.h */,
				CEE005691C90DEC90065E43A /* CreateRecruiterProfile.m */,
				CEE04A9D1C0F8A9100697620 /* JobSeekerHome.h */,
				CEE04A9E1C0F8A9100697620 /* JobSeekerHome.m */,
				CEE04A9A1C0F896300697620 /* ListBusinesses.h */,
				CEE04A9B1C0F896300697620 /* ListBusinesses.m */,
				CE7742361C923D4900A9A2BA /* ListLocations.h */,
				CE7742371C923D4900A9A2BA /* ListLocations.m */,
				CE7742391C923EAD00A9A2BA /* ListJobs.h */,
				CE77423A1C923EAD00A9A2BA /* ListJobs.m */,
				CE7742471C9623C300A9A2BA /* ViewJobMenu.h */,
				CE7742481C9623C300A9A2BA /* ViewJobMenu.m */,
				CE77424A1C96244900A9A2BA /* ViewJob.h */,
				CE77424B1C96244900A9A2BA /* ViewJob.m */,
				CE6FD3431C01F9BB001A04C3 /* Main.storyboard */,
				CE77423F1C95D6C000A9A2BA /* EditJob.h */,
				CE7742401C95D6C000A9A2BA /* EditJob.m */,
				CE8395A61C3EF98F007A8213 /* EditProfile.h */,
				CE8395A71C3EF98F007A8213 /* EditProfile.m */,
				CE8AAFEB1C5850C40004F021 /* EditSearchProfile.h */,
				CE8AAFEC1C5850C40004F021 /* EditSearchProfile.m */,
				CE8AB0021C5B04320004F021 /* JobDetails.h */,
				CE8AB0031C5B04320004F021 /* JobDetails.m */,
				CEB424111C9A35BC0012748B /* JobSeekerDetails.h */,
				CEB424121C9A35BC0012748B /* JobSeekerDetails.m */,
				CE8AAFFA1C59A7820004F021 /* LocationMapView.h */,
				CE8AAFFB1C59A7820004F021 /* LocationMapView.m */,
				CE8AAFF81C59A2DE0004F021 /* LocationMap.xib */,
				CE59737B1C1626630096B001 /* JobSeekerProfileView.h */,
				CE59737C1C1626630096B001 /* JobSeekerProfileView.m */,
				CEE04AA81C10F8FE00697620 /* JobSeekerProfileView.xib */,
				CE8AAFE81C5848900004F021 /* JobSeekerSearchProfileView.h */,
				CE8AAFE91C5848900004F021 /* JobSeekerSearchProfileView.m */,
				CE8AAFE61C5848490004F021 /* JobSeekerSearchProfileView.xib */,
				CE8AB0221C617F550004F021 /* BusinessEditView.h */,
				CE8AB0231C617F550004F021 /* BusinessEditView.m */,
				CE8AB0251C61826B0004F021 /* BusinessEditView.xib */,
				CE8AB0291C6AA2490004F021 /* LocationEditView.h */,
				CE8AB02A1C6AA2490004F021 /* LocationEditView.m */,
				CE8AB0271C6AA22E0004F021 /* LocationEditView.xib */,
				CE7742421C95D85300A9A2BA /* JobEditView.h */,
				CE7742431C95D85300A9A2BA /* JobEditView.m */,
				CE7742451C95D88000A9A2BA /* JobEditView.xib */,
				CE7742331C92368200A9A2BA /* SimpleListCell.h */,
				CE7742341C92368200A9A2BA /* SimpleListCell.m */,
				CE8AB00F1C5EB66C0004F021 /* Messages.h */,
				CE8AB0101C5EB66C0004F021 /* Messages.m */,
				CE8AB0091C5EA9F60004F021 /* MessageListCell.h */,
				CE8AB00A1C5EA9F60004F021 /* MessageListCell.m */,
				CE8AB0151C5EDB7B0004F021 /* MessageThread.h */,
				CE8AB0161C5EDB7B0004F021 /* MessageThread.m */,
				CE8AB0181C5EE4B70004F021 /* MessageThreadCell.h */,
				CE8AB0191C5EE4B80004F021 /* MessageThreadCell.m */,
				CE8AB01B1C6029D90004F021 /* RecordPitch.h */,
				CE8AB01C1C6029D90004F021 /* RecordPitch.m */,
				CE8AAFF51C599FA50004F021 /* DownPickerMultiple.h */,
				CE8AAFF61C599FA50004F021 /* DownPickerMultiple.m */,
				CE8395A91C42F279007A8213 /* SwipeView.h */,
				CE8395AA1C42F279007A8213 /* SwipeView.m */,
				CEE04AA51C10EE2000697620 /* ErrorTextField.h */,
				CEE04AA61C10EE2000697620 /* ErrorTextField.m */,
				CEE04AA31C10EAD900697620 /* ErrorTextField.xib */,
				CE6FD3461C01F9BC001A04C3 /* Assets.xcassets */,
				CE6FD3481C01F9BC001A04C3 /* LaunchScreen.storyboard */,
				CE6FD34B1C01F9BC001A04C3 /* Info.plist */,
				CE45AEC21C0B41380092AB75 /* MJPViewController.h */,
				CE45AEC31C0B41390092AB75 /* MJPViewController.m */,
				CE86847C1C0E570300D4B6C7 /* ScrollingViewController.h */,
				D74588E91D48771800A85472 /* LockableNavigationController.h */,
				D74588EA1D48771800A85472 /* LockableNavigationController.m */,
				CE86847D1C0E570300D4B6C7 /* ScrollingViewController.m */,
				D7FA423B1D0EB2D200E93C66 /* MyAlertController.h */,
				D7FA423C1D0EB2D200E93C66 /* MyAlertController.m */,
				CE6FD33A1C01F9BB001A04C3 /* Supporting Files */,
			);
			path = "My Job Pitch";
			sourceTree = "<group>";
		};
		CE6FD33A1C01F9BB001A04C3 /* Supporting Files */ = {
			isa = PBXGroup;
			children = (
				CE6FD33B1C01F9BB001A04C3 /* main.m */,
				CEE52CEB1C0653AC00881648 /* PrefixHeader.pch */,
			);
			name = "Supporting Files";
			sourceTree = "<group>";
		};
		CE6FD3531C01F9BC001A04C3 /* My Job PitchTests */ = {
			isa = PBXGroup;
			children = (
				CE6FD3541C01F9BC001A04C3 /* My_Job_PitchTests.m */,
				CE6FD3561C01F9BC001A04C3 /* Info.plist */,
			);
			path = "My Job PitchTests";
			sourceTree = "<group>";
		};
		CEE52CFB1C06624600881648 /* API */ = {
			isa = PBXGroup;
			children = (
				D74588EC1D48772E00A85472 /* API.h */,
				D74588ED1D48772E00A85472 /* API.m */,
				D74588EF1D48773B00A85472 /* Application.h */,
				D74588F01D48773B00A85472 /* Application.m */,
				D74588F11D48773B00A85472 /* ApplicationStatus.h */,
				D74588F21D48773B00A85472 /* ApplicationStatus.m */,
				D74588F31D48773B00A85472 /* AuthToken.h */,
				D74589431D48ABB000A85472 /* PasswordResetRequest.h */,
				D74589441D48ABB000A85472 /* PasswordResetRequest.m */,
				D74589401D48963900A85472 /* PasswordChangeRequest.h */,
				D74589411D48963900A85472 /* PasswordChangeRequest.m */,
				D74588F41D48773B00A85472 /* AuthToken.m */,
				D74588F51D48773B00A85472 /* Business.h */,
				D74588F61D48773B00A85472 /* Business.m */,
				D74588F71D48773B00A85472 /* Contract.h */,
				D74588F81D48773B00A85472 /* Contract.m */,
				D74588F91D48773B00A85472 /* Hours.h */,
				D74588FA1D48773B00A85472 /* Hours.m */,
				D74588FB1D48773B00A85472 /* Image.h */,
				D74588FC1D48773B00A85472 /* Image.m */,
				D74588FD1D48773B00A85472 /* Job.h */,
				D74588FE1D48773B00A85472 /* Job.m */,
				D74588FF1D48773B00A85472 /* JobSeeker.h */,
				D74589001D48773B00A85472 /* JobSeeker.m */,
				D74589011D48773B00A85472 /* JobStatus.h */,
				D74589021D48773B00A85472 /* JobStatus.m */,
				D74589031D48773B00A85472 /* Location.h */,
				D74589041D48773B00A85472 /* Location.m */,
				D74589051D48773B00A85472 /* LoginRequest.h */,
				D74589061D48773B00A85472 /* LoginRequest.m */,
				D74589071D48773B00A85472 /* Message.h */,
				D74589081D48773B00A85472 /* Message.m */,
				D74589091D48773B00A85472 /* MJPObject.h */,
				D745890A1D48773B00A85472 /* MJPObject.m */,
				D745890B1D48773B00A85472 /* MJPObjectWithDates.h */,
				D745890C1D48773B00A85472 /* MJPObjectWithDates.m */,
				D745890D1D48773B00A85472 /* MJPObjectWithName.h */,
				D745890E1D48773B00A85472 /* MJPObjectWithName.m */,
				D745890F1D48773B00A85472 /* MJPObjectWithNameDesc.h */,
				D74589101D48773B00A85472 /* MJPObjectWithNameDesc.m */,
				D74589111D48773B00A85472 /* MJPObjectWithNameShortName.h */,
				D74589121D48773B00A85472 /* MJPObjectWithNameShortName.m */,
				D74589131D48773B00A85472 /* MJPObjectWithNameShortNameDesc.h */,
				D74589141D48773B00A85472 /* MJPObjectWithNameShortNameDesc.m */,
				D74589151D48773B00A85472 /* Nationality.h */,
				D74589161D48773B00A85472 /* Nationality.m */,
				D74589171D48773B00A85472 /* Pitch.h */,
				D74589181D48773B00A85472 /* Pitch.m */,
				D74589191D48773B00A85472 /* Profile.h */,
				D745891A1D48773B00A85472 /* Profile.m */,
				D745891B1D48773B00A85472 /* RegisterRequest.h */,
				D745891C1D48773B00A85472 /* RegisterRequest.m */,
				D745891D1D48773B00A85472 /* Role.h */,
				D745891E1D48773B00A85472 /* Role.m */,
				D745891F1D48773B00A85472 /* Sector.h */,
				D74589201D48773B00A85472 /* Sector.m */,
				D74589211D48773B00A85472 /* Sex.h */,
				D74589221D48773B00A85472 /* Sex.m */,
				D74589231D48773B00A85472 /* User.h */,
				D74589241D48773B00A85472 /* User.m */,
			);
			name = API;
			sourceTree = "<group>";
		};
		DD5A9C6E26418BFD38D06ACE /* Pods */ = {
			isa = PBXGroup;
			children = (
				CFA3EA2BF05430C3C9894AA5 /* Pods.debug.xcconfig */,
				B0F6E4D8F0045A1E43790385 /* Pods.release.xcconfig */,
			);
			name = Pods;
			sourceTree = "<group>";
		};
		FFB8B70042B1AAA85F696FCB /* Frameworks */ = {
			isa = PBXGroup;
			children = (
				CE8AB01E1C6038750004F021 /* AVFoundation.framework */,
				CE8AB01F1C6038750004F021 /* AVKit.framework */,
				CE8AAFFD1C5AD62E0004F021 /* CoreLocation.framework */,
				CEE52CF61C06550E00881648 /* Foundation.framework */,
				CEE52CF41C06550500881648 /* UIKit.framework */,
				CEE52CF21C0654FB00881648 /* SystemConfiguration.framework */,
				CEE52CF01C0654F200881648 /* CFNetwork.framework */,
				CEE52CEE1C0654E900881648 /* Security.framework */,
				CEE52CEC1C0654DD00881648 /* MobileCoreServices.framework */,
				0B006CB817BA624E01EDF19B /* libPods.a */,
			);
			name = Frameworks;
			sourceTree = "<group>";
		};
/* End PBXGroup section */

/* Begin PBXNativeTarget section */
		CE6FD3361C01F9BB001A04C3 /* MyJobPitch */ = {
			isa = PBXNativeTarget;
			buildConfigurationList = CE6FD3641C01F9BC001A04C3 /* Build configuration list for PBXNativeTarget "MyJobPitch" */;
			buildPhases = (
				4468F164D62438DAA67B1A9A /* Check Pods Manifest.lock */,
				CE6FD3331C01F9BB001A04C3 /* Sources */,
				CE6FD3341C01F9BB001A04C3 /* Frameworks */,
				CE6FD3351C01F9BB001A04C3 /* Resources */,
				9816C2566EB6DA434DF644FC /* Copy Pods Resources */,
				388A8D08B45503F266D314AB /* Embed Pods Frameworks */,
			);
			buildRules = (
			);
			dependencies = (
			);
			name = MyJobPitch;
			productName = "My Job Pitch";
			productReference = CE6FD3371C01F9BB001A04C3 /* MyJobPitch.app */;
			productType = "com.apple.product-type.application";
		};
		CE6FD34F1C01F9BC001A04C3 /* MyJobPitchTests */ = {
			isa = PBXNativeTarget;
			buildConfigurationList = CE6FD3671C01F9BC001A04C3 /* Build configuration list for PBXNativeTarget "MyJobPitchTests" */;
			buildPhases = (
				BAA10D4E0805598B1DEEE89A /* Check Pods Manifest.lock */,
				CE6FD34C1C01F9BC001A04C3 /* Sources */,
				CE6FD34D1C01F9BC001A04C3 /* Frameworks */,
				CE6FD34E1C01F9BC001A04C3 /* Resources */,
				476C92B022CD8EA639441C80 /* Copy Pods Resources */,
				970B2B02472CFD1986873A53 /* Embed Pods Frameworks */,
			);
			buildRules = (
			);
			dependencies = (
				CE6FD3521C01F9BC001A04C3 /* PBXTargetDependency */,
			);
			name = MyJobPitchTests;
			productName = "My Job PitchTests";
			productReference = CE6FD3501C01F9BC001A04C3 /* MyJobPitch.xctest */;
			productType = "com.apple.product-type.bundle.unit-test";
		};
/* End PBXNativeTarget section */

/* Begin PBXProject section */
		CE6FD32F1C01F9BB001A04C3 /* Project object */ = {
			isa = PBXProject;
			attributes = {
				LastUpgradeCheck = 0710;
				ORGANIZATIONNAME = "SC Labs Ltd";
				TargetAttributes = {
					CE6FD3361C01F9BB001A04C3 = {
						CreatedOnToolsVersion = 7.1.1;
						DevelopmentTeam = YY7DF42BJ9;
					};
					CE6FD34F1C01F9BC001A04C3 = {
						CreatedOnToolsVersion = 7.1.1;
						TestTargetID = CE6FD3361C01F9BB001A04C3;
					};
				};
			};
			buildConfigurationList = CE6FD3321C01F9BB001A04C3 /* Build configuration list for PBXProject "MyJobPitch" */;
			compatibilityVersion = "Xcode 3.2";
			developmentRegion = English;
			hasScannedForEncodings = 0;
			knownRegions = (
				en,
				Base,
			);
			mainGroup = CE6FD32E1C01F9BB001A04C3;
			productRefGroup = CE6FD3381C01F9BB001A04C3 /* Products */;
			projectDirPath = "";
			projectRoot = "";
			targets = (
				CE6FD3361C01F9BB001A04C3 /* MyJobPitch */,
				CE6FD34F1C01F9BC001A04C3 /* MyJobPitchTests */,
			);
		};
/* End PBXProject section */

/* Begin PBXResourcesBuildPhase section */
		CE6FD3351C01F9BB001A04C3 /* Resources */ = {
			isa = PBXResourcesBuildPhase;
			buildActionMask = 2147483647;
			files = (
				CE7742461C95D88000A9A2BA /* JobEditView.xib in Resources */,
				CE6FD34A1C01F9BC001A04C3 /* LaunchScreen.storyboard in Resources */,
				CEE04AA91C10F8FE00697620 /* JobSeekerProfileView.xib in Resources */,
				CE8AB0281C6AA22E0004F021 /* LocationEditView.xib in Resources */,
				CE8AB0261C61826B0004F021 /* BusinessEditView.xib in Resources */,
				CE6FD3471C01F9BC001A04C3 /* Assets.xcassets in Resources */,
				CE8AAFF91C59A2DE0004F021 /* LocationMap.xib in Resources */,
				CE6FD3451C01F9BB001A04C3 /* Main.storyboard in Resources */,
				CEE04AA41C10EAD900697620 /* ErrorTextField.xib in Resources */,
				CE8AAFE71C5848490004F021 /* JobSeekerSearchProfileView.xib in Resources */,
			);
			runOnlyForDeploymentPostprocessing = 0;
		};
		CE6FD34E1C01F9BC001A04C3 /* Resources */ = {
			isa = PBXResourcesBuildPhase;
			buildActionMask = 2147483647;
			files = (
			);
			runOnlyForDeploymentPostprocessing = 0;
		};
/* End PBXResourcesBuildPhase section */

/* Begin PBXShellScriptBuildPhase section */
		388A8D08B45503F266D314AB /* Embed Pods Frameworks */ = {
			isa = PBXShellScriptBuildPhase;
			buildActionMask = 2147483647;
			files = (
			);
			inputPaths = (
			);
			name = "Embed Pods Frameworks";
			outputPaths = (
			);
			runOnlyForDeploymentPostprocessing = 0;
			shellPath = /bin/sh;
			shellScript = "\"${SRCROOT}/Pods/Target Support Files/Pods/Pods-frameworks.sh\"\n";
			showEnvVarsInLog = 0;
		};
		4468F164D62438DAA67B1A9A /* Check Pods Manifest.lock */ = {
			isa = PBXShellScriptBuildPhase;
			buildActionMask = 2147483647;
			files = (
			);
			inputPaths = (
			);
			name = "Check Pods Manifest.lock";
			outputPaths = (
			);
			runOnlyForDeploymentPostprocessing = 0;
			shellPath = /bin/sh;
			shellScript = "diff \"${PODS_ROOT}/../Podfile.lock\" \"${PODS_ROOT}/Manifest.lock\" > /dev/null\nif [[ $? != 0 ]] ; then\n    cat << EOM\nerror: The sandbox is not in sync with the Podfile.lock. Run 'pod install' or update your CocoaPods installation.\nEOM\n    exit 1\nfi\n";
			showEnvVarsInLog = 0;
		};
		476C92B022CD8EA639441C80 /* Copy Pods Resources */ = {
			isa = PBXShellScriptBuildPhase;
			buildActionMask = 2147483647;
			files = (
			);
			inputPaths = (
			);
			name = "Copy Pods Resources";
			outputPaths = (
			);
			runOnlyForDeploymentPostprocessing = 0;
			shellPath = /bin/sh;
			shellScript = "\"${SRCROOT}/Pods/Target Support Files/Pods/Pods-resources.sh\"\n";
			showEnvVarsInLog = 0;
		};
		970B2B02472CFD1986873A53 /* Embed Pods Frameworks */ = {
			isa = PBXShellScriptBuildPhase;
			buildActionMask = 2147483647;
			files = (
			);
			inputPaths = (
			);
			name = "Embed Pods Frameworks";
			outputPaths = (
			);
			runOnlyForDeploymentPostprocessing = 0;
			shellPath = /bin/sh;
			shellScript = "\"${SRCROOT}/Pods/Target Support Files/Pods/Pods-frameworks.sh\"\n";
			showEnvVarsInLog = 0;
		};
		9816C2566EB6DA434DF644FC /* Copy Pods Resources */ = {
			isa = PBXShellScriptBuildPhase;
			buildActionMask = 2147483647;
			files = (
			);
			inputPaths = (
			);
			name = "Copy Pods Resources";
			outputPaths = (
			);
			runOnlyForDeploymentPostprocessing = 0;
			shellPath = /bin/sh;
			shellScript = "\"${SRCROOT}/Pods/Target Support Files/Pods/Pods-resources.sh\"\n";
			showEnvVarsInLog = 0;
		};
		BAA10D4E0805598B1DEEE89A /* Check Pods Manifest.lock */ = {
			isa = PBXShellScriptBuildPhase;
			buildActionMask = 2147483647;
			files = (
			);
			inputPaths = (
			);
			name = "Check Pods Manifest.lock";
			outputPaths = (
			);
			runOnlyForDeploymentPostprocessing = 0;
			shellPath = /bin/sh;
			shellScript = "diff \"${PODS_ROOT}/../Podfile.lock\" \"${PODS_ROOT}/Manifest.lock\" > /dev/null\nif [[ $? != 0 ]] ; then\n    cat << EOM\nerror: The sandbox is not in sync with the Podfile.lock. Run 'pod install' or update your CocoaPods installation.\nEOM\n    exit 1\nfi\n";
			showEnvVarsInLog = 0;
		};
/* End PBXShellScriptBuildPhase section */

/* Begin PBXSourcesBuildPhase section */
		CE6FD3331C01F9BB001A04C3 /* Sources */ = {
			isa = PBXSourcesBuildPhase;
			buildActionMask = 2147483647;
			files = (
				CE6FD3421C01F9BB001A04C3 /* Login.m in Sources */,
				CE45AEC41C0B41390092AB75 /* MJPViewController.m in Sources */,
				CE8AB0171C5EDB7B0004F021 /* MessageThread.m in Sources */,
				D745892A1D48773B00A85472 /* Hours.m in Sources */,
				D745892D1D48773B00A85472 /* JobSeeker.m in Sources */,
				D745892F1D48773B00A85472 /* Location.m in Sources */,
				CE7742411C95D6C000A9A2BA /* EditJob.m in Sources */,
				CE7742491C9623C300A9A2BA /* ViewJobMenu.m in Sources */,
				D745893E1D48773B00A85472 /* Sex.m in Sources */,
				D7E94F8C1D179D6700866604 /* MyCameraViewController.m in Sources */,
				D7E94F8D1D179D6700866604 /* MyCameraPreviewView.m in Sources */,
				D745892E1D48773B00A85472 /* JobStatus.m in Sources */,
				CE8AB0241C617F550004F021 /* BusinessEditView.m in Sources */,
				D78904EC1D48586D00E980D9 /* AppHelper.m in Sources */,
				D74589251D48773B00A85472 /* Application.m in Sources */,
				CEE0056A1C90DEC90065E43A /* CreateRecruiterProfile.m in Sources */,
				CE59737D1C1626630096B001 /* JobSeekerProfileView.m in Sources */,
				CE8395A81C3EF98F007A8213 /* EditProfile.m in Sources */,
				D74588EE1D48772E00A85472 /* API.m in Sources */,
				D745892C1D48773B00A85472 /* Job.m in Sources */,
				CE8395AB1C42F279007A8213 /* SwipeView.m in Sources */,
				CE7742351C92368200A9A2BA /* SimpleListCell.m in Sources */,
				D745893D1D48773B00A85472 /* Sector.m in Sources */,
				D74589351D48773B00A85472 /* MJPObjectWithNameDesc.m in Sources */,
				CE77424C1C96244900A9A2BA /* ViewJob.m in Sources */,
				D745893C1D48773B00A85472 /* Role.m in Sources */,
				D74589361D48773B00A85472 /* MJPObjectWithNameShortName.m in Sources */,
				D71EAC6B1D33D04800E32ED1 /* KxMenu.m in Sources */,
				CEE04A9F1C0F8A9100697620 /* JobSeekerHome.m in Sources */,
				D745892B1D48773B00A85472 /* Image.m in Sources */,
				D74589391D48773B00A85472 /* Pitch.m in Sources */,
				D74589331D48773B00A85472 /* MJPObjectWithDates.m in Sources */,
				CE77423B1C923EAD00A9A2BA /* ListJobs.m in Sources */,
				D74589341D48773B00A85472 /* MJPObjectWithName.m in Sources */,
				CEE04AA71C10EE2000697620 /* ErrorTextField.m in Sources */,
				D745893F1D48773B00A85472 /* User.m in Sources */,
				D74589271D48773B00A85472 /* AuthToken.m in Sources */,
				CE6FD33F1C01F9BB001A04C3 /* AppDelegate.m in Sources */,
				CE8AB01A1C5EE4B80004F021 /* MessageThreadCell.m in Sources */,
				CE7742441C95D85300A9A2BA /* JobEditView.m in Sources */,
				CEE005671C90D6D50065E43A /* CreateJobSeekerProfile.m in Sources */,
				CE8AB01D1C6029D90004F021 /* RecordPitch.m in Sources */,
				D7FA423D1D0EB2D200E93C66 /* MyAlertController.m in Sources */,
				CE8AAFFC1C59A7820004F021 /* LocationMapView.m in Sources */,
				D74589451D48ABB000A85472 /* PasswordResetRequest.m in Sources */,
				D74589281D48773B00A85472 /* Business.m in Sources */,
				D74589381D48773B00A85472 /* Nationality.m in Sources */,
				CE7742381C923D4900A9A2BA /* ListLocations.m in Sources */,
				CE8AB0041C5B04320004F021 /* JobDetails.m in Sources */,
				CEB424131C9A35BC0012748B /* JobSeekerDetails.m in Sources */,
				D74589371D48773B00A85472 /* MJPObjectWithNameShortNameDesc.m in Sources */,
				CE8AAFF71C599FA50004F021 /* DownPickerMultiple.m in Sources */,
				CE8AB02B1C6AA2490004F021 /* LocationEditView.m in Sources */,
				CE8AAFED1C5850C40004F021 /* EditSearchProfile.m in Sources */,
				D74589311D48773B00A85472 /* Message.m in Sources */,
				D74588EB1D48771800A85472 /* LockableNavigationController.m in Sources */,
				CE86847E1C0E570300D4B6C7 /* ScrollingViewController.m in Sources */,
				D745893B1D48773B00A85472 /* RegisterRequest.m in Sources */,
				CE8AB00B1C5EA9F60004F021 /* MessageListCell.m in Sources */,
				D745893A1D48773B00A85472 /* Profile.m in Sources */,
				D74589291D48773B00A85472 /* Contract.m in Sources */,
				CE8AAFEA1C5848900004F021 /* JobSeekerSearchProfileView.m in Sources */,
				CEE04A9C1C0F896300697620 /* ListBusinesses.m in Sources */,
				CEE04AA21C0F8C6700697620 /* CreateProfile.m in Sources */,
				D78904E91D47FC6600E980D9 /* ChangePassword.m in Sources */,
				CE8AB0111C5EB66C0004F021 /* Messages.m in Sources */,
				D74589321D48773B00A85472 /* MJPObject.m in Sources */,
				D74589301D48773B00A85472 /* LoginRequest.m in Sources */,
				D74589261D48773B00A85472 /* ApplicationStatus.m in Sources */,
				D74589421D48963900A85472 /* PasswordChangeRequest.m in Sources */,
				CE6FD33C1C01F9BB001A04C3 /* main.m in Sources */,
			);
			runOnlyForDeploymentPostprocessing = 0;
		};
		CE6FD34C1C01F9BC001A04C3 /* Sources */ = {
			isa = PBXSourcesBuildPhase;
			buildActionMask = 2147483647;
			files = (
				CE6FD3551C01F9BC001A04C3 /* My_Job_PitchTests.m in Sources */,
			);
			runOnlyForDeploymentPostprocessing = 0;
		};
/* End PBXSourcesBuildPhase section */

/* Begin PBXTargetDependency section */
		CE6FD3521C01F9BC001A04C3 /* PBXTargetDependency */ = {
			isa = PBXTargetDependency;
			target = CE6FD3361C01F9BB001A04C3 /* MyJobPitch */;
			targetProxy = CE6FD3511C01F9BC001A04C3 /* PBXContainerItemProxy */;
		};
/* End PBXTargetDependency section */

/* Begin PBXVariantGroup section */
		CE6FD3431C01F9BB001A04C3 /* Main.storyboard */ = {
			isa = PBXVariantGroup;
			children = (
				CE6FD3441C01F9BB001A04C3 /* Base */,
			);
			name = Main.storyboard;
			sourceTree = "<group>";
		};
		CE6FD3481C01F9BC001A04C3 /* LaunchScreen.storyboard */ = {
			isa = PBXVariantGroup;
			children = (
				CE6FD3491C01F9BC001A04C3 /* Base */,
			);
			name = LaunchScreen.storyboard;
			sourceTree = "<group>";
		};
/* End PBXVariantGroup section */

/* Begin XCBuildConfiguration section */
		CE6FD3621C01F9BC001A04C3 /* Debug */ = {
			isa = XCBuildConfiguration;
			buildSettings = {
				ALWAYS_SEARCH_USER_PATHS = NO;
				CLANG_CXX_LANGUAGE_STANDARD = "gnu++0x";
				CLANG_CXX_LIBRARY = "libc++";
				CLANG_ENABLE_MODULES = YES;
				CLANG_ENABLE_OBJC_ARC = YES;
				CLANG_WARN_BOOL_CONVERSION = YES;
				CLANG_WARN_CONSTANT_CONVERSION = YES;
				CLANG_WARN_DIRECT_OBJC_ISA_USAGE = YES_ERROR;
				CLANG_WARN_EMPTY_BODY = YES;
				CLANG_WARN_ENUM_CONVERSION = YES;
				CLANG_WARN_INT_CONVERSION = YES;
				CLANG_WARN_OBJC_ROOT_CLASS = YES_ERROR;
				CLANG_WARN_UNREACHABLE_CODE = YES;
				CLANG_WARN__DUPLICATE_METHOD_MATCH = YES;
				CODE_SIGN_IDENTITY = "iPhone Developer: Mike Christopherson (8QQAR73YPE)";
				"CODE_SIGN_IDENTITY[sdk=iphoneos*]" = "iPhone Developer: Mike Christopherson (8QQAR73YPE)";
				COPY_PHASE_STRIP = NO;
				DEBUG_INFORMATION_FORMAT = dwarf;
				ENABLE_STRICT_OBJC_MSGSEND = YES;
				ENABLE_TESTABILITY = YES;
				GCC_C_LANGUAGE_STANDARD = gnu99;
				GCC_DYNAMIC_NO_PIC = NO;
				GCC_NO_COMMON_BLOCKS = YES;
				GCC_OPTIMIZATION_LEVEL = 0;
				GCC_PREPROCESSOR_DEFINITIONS = (
					"DEBUG=1",
					"$(inherited)",
				);
				GCC_WARN_64_TO_32_BIT_CONVERSION = YES;
				GCC_WARN_ABOUT_RETURN_TYPE = YES_ERROR;
				GCC_WARN_UNDECLARED_SELECTOR = YES;
				GCC_WARN_UNINITIALIZED_AUTOS = YES_AGGRESSIVE;
				GCC_WARN_UNUSED_FUNCTION = YES;
				GCC_WARN_UNUSED_VARIABLE = YES;
				IPHONEOS_DEPLOYMENT_TARGET = 8.0;
				MTL_ENABLE_DEBUG_INFO = YES;
				ONLY_ACTIVE_ARCH = YES;
				PROVISIONING_PROFILE = "22a92c3f-f659-4a04-a76e-6d110be52d29";
				SDKROOT = iphoneos;
				TARGETED_DEVICE_FAMILY = "1,2";
			};
			name = Debug;
		};
		CE6FD3631C01F9BC001A04C3 /* Release */ = {
			isa = XCBuildConfiguration;
			buildSettings = {
				ALWAYS_SEARCH_USER_PATHS = NO;
				CLANG_CXX_LANGUAGE_STANDARD = "gnu++0x";
				CLANG_CXX_LIBRARY = "libc++";
				CLANG_ENABLE_MODULES = YES;
				CLANG_ENABLE_OBJC_ARC = YES;
				CLANG_WARN_BOOL_CONVERSION = YES;
				CLANG_WARN_CONSTANT_CONVERSION = YES;
				CLANG_WARN_DIRECT_OBJC_ISA_USAGE = YES_ERROR;
				CLANG_WARN_EMPTY_BODY = YES;
				CLANG_WARN_ENUM_CONVERSION = YES;
				CLANG_WARN_INT_CONVERSION = YES;
				CLANG_WARN_OBJC_ROOT_CLASS = YES_ERROR;
				CLANG_WARN_UNREACHABLE_CODE = YES;
				CLANG_WARN__DUPLICATE_METHOD_MATCH = YES;
				CODE_SIGN_IDENTITY = "iPhone Developer: Mike Christopherson (8QQAR73YPE)";
				"CODE_SIGN_IDENTITY[sdk=iphoneos*]" = "iPhone Developer: Mike Christopherson (8QQAR73YPE)";
				COPY_PHASE_STRIP = NO;
				DEBUG_INFORMATION_FORMAT = "dwarf-with-dsym";
				ENABLE_NS_ASSERTIONS = NO;
				ENABLE_STRICT_OBJC_MSGSEND = YES;
				GCC_C_LANGUAGE_STANDARD = gnu99;
				GCC_NO_COMMON_BLOCKS = YES;
				GCC_WARN_64_TO_32_BIT_CONVERSION = YES;
				GCC_WARN_ABOUT_RETURN_TYPE = YES_ERROR;
				GCC_WARN_UNDECLARED_SELECTOR = YES;
				GCC_WARN_UNINITIALIZED_AUTOS = YES_AGGRESSIVE;
				GCC_WARN_UNUSED_FUNCTION = YES;
				GCC_WARN_UNUSED_VARIABLE = YES;
				IPHONEOS_DEPLOYMENT_TARGET = 8.0;
				MTL_ENABLE_DEBUG_INFO = NO;
				PROVISIONING_PROFILE = "22a92c3f-f659-4a04-a76e-6d110be52d29";
				SDKROOT = iphoneos;
				TARGETED_DEVICE_FAMILY = "1,2";
				VALIDATE_PRODUCT = YES;
			};
			name = Release;
		};
		CE6FD3651C01F9BC001A04C3 /* Debug */ = {
			isa = XCBuildConfiguration;
			baseConfigurationReference = CFA3EA2BF05430C3C9894AA5 /* Pods.debug.xcconfig */;
			buildSettings = {
				ASSETCATALOG_COMPILER_APPICON_NAME = AppIcon;
				CODE_SIGN_IDENTITY = "iPhone Developer: Mike Christopherson (8QQAR73YPE)";
				"CODE_SIGN_IDENTITY[sdk=iphoneos*]" = "iPhone Developer: Mike Christopherson (8QQAR73YPE)";
				GCC_PREFIX_HEADER = "My Job Pitch/PrefixHeader.pch";
				HEADER_SEARCH_PATHS = (
					"$(inherited)",
					"\"${PODS_ROOT}/Headers/Public\"/**",
					"\"${PODS_ROOT}/Headers/Public/AFNetworking\"/**",
					"\"${PODS_ROOT}/Headers/Public/ISO8601DateFormatterValueTransformer\"/**",
					"\"${PODS_ROOT}/Headers/Public/RKValueTransformers\"/**",
					"\"${PODS_ROOT}/Headers/Public/RestKit\"/**",
					"\"${PODS_ROOT}/Headers/Public/SOCKit\"/**",
					"\"${PODS_ROOT}/Headers/Public/TransitionKit\"/**",
				);
				INFOPLIST_FILE = "My Job Pitch/Info.plist";
				IPHONEOS_DEPLOYMENT_TARGET = 8.4;
				LD_RUNPATH_SEARCH_PATHS = "$(inherited) @executable_path/Frameworks";
				PRODUCT_BUNDLE_IDENTIFIER = com.myjobpitch.pitch;
				PRODUCT_NAME = MyJobPitch;
				PROVISIONING_PROFILE = "9fcf717c-fcc5-400b-b610-e0fdc047e519";
			};
			name = Debug;
		};
		CE6FD3661C01F9BC001A04C3 /* Release */ = {
			isa = XCBuildConfiguration;
			baseConfigurationReference = B0F6E4D8F0045A1E43790385 /* Pods.release.xcconfig */;
			buildSettings = {
				ASSETCATALOG_COMPILER_APPICON_NAME = AppIcon;
				CODE_SIGN_IDENTITY = "iPhone Developer: Mike Christopherson (8QQAR73YPE)";
				"CODE_SIGN_IDENTITY[sdk=iphoneos*]" = "iPhone Developer: Mike Christopherson (8QQAR73YPE)";
				GCC_PREFIX_HEADER = "My Job Pitch/PrefixHeader.pch";
				HEADER_SEARCH_PATHS = (
					"$(inherited)",
					"\"${PODS_ROOT}/Headers/Public\"/**",
					"\"${PODS_ROOT}/Headers/Public/AFNetworking\"/**",
					"\"${PODS_ROOT}/Headers/Public/ISO8601DateFormatterValueTransformer\"/**",
					"\"${PODS_ROOT}/Headers/Public/RKValueTransformers\"/**",
					"\"${PODS_ROOT}/Headers/Public/RestKit\"/**",
					"\"${PODS_ROOT}/Headers/Public/SOCKit\"/**",
					"\"${PODS_ROOT}/Headers/Public/TransitionKit\"/**",
				);
				INFOPLIST_FILE = "My Job Pitch/Info.plist";
				IPHONEOS_DEPLOYMENT_TARGET = 8.4;
				LD_RUNPATH_SEARCH_PATHS = "$(inherited) @executable_path/Frameworks";
				PRODUCT_BUNDLE_IDENTIFIER = com.myjobpitch.pitch;
				PRODUCT_NAME = MyJobPitch;
				PROVISIONING_PROFILE = "9fcf717c-fcc5-400b-b610-e0fdc047e519";
			};
			name = Release;
		};
		CE6FD3681C01F9BC001A04C3 /* Debug */ = {
			isa = XCBuildConfiguration;
			baseConfigurationReference = CFA3EA2BF05430C3C9894AA5 /* Pods.debug.xcconfig */;
			buildSettings = {
				BUNDLE_LOADER = "$(TEST_HOST)";
				INFOPLIST_FILE = "My Job PitchTests/Info.plist";
				LD_RUNPATH_SEARCH_PATHS = "$(inherited) @executable_path/Frameworks @loader_path/Frameworks";
				PRODUCT_BUNDLE_IDENTIFIER = "com.myjobpitch.My-Job-PitchTests";
				PRODUCT_NAME = MyJobPitch;
				TEST_HOST = "$(BUILT_PRODUCTS_DIR)/MyJobPitch.app/MyJobPitch";
			};
			name = Debug;
		};
		CE6FD3691C01F9BC001A04C3 /* Release */ = {
			isa = XCBuildConfiguration;
			baseConfigurationReference = B0F6E4D8F0045A1E43790385 /* Pods.release.xcconfig */;
			buildSettings = {
				BUNDLE_LOADER = "$(TEST_HOST)";
				INFOPLIST_FILE = "My Job PitchTests/Info.plist";
				LD_RUNPATH_SEARCH_PATHS = "$(inherited) @executable_path/Frameworks @loader_path/Frameworks";
				PRODUCT_BUNDLE_IDENTIFIER = "com.myjobpitch.My-Job-PitchTests";
				PRODUCT_NAME = MyJobPitch;
				TEST_HOST = "$(BUILT_PRODUCTS_DIR)/MyJobPitch.app/MyJobPitch";
			};
			name = Release;
		};
/* End XCBuildConfiguration section */

/* Begin XCConfigurationList section */
		CE6FD3321C01F9BB001A04C3 /* Build configuration list for PBXProject "MyJobPitch" */ = {
			isa = XCConfigurationList;
			buildConfigurations = (
				CE6FD3621C01F9BC001A04C3 /* Debug */,
				CE6FD3631C01F9BC001A04C3 /* Release */,
			);
			defaultConfigurationIsVisible = 0;
			defaultConfigurationName = Release;
		};
		CE6FD3641C01F9BC001A04C3 /* Build configuration list for PBXNativeTarget "MyJobPitch" */ = {
			isa = XCConfigurationList;
			buildConfigurations = (
				CE6FD3651C01F9BC001A04C3 /* Debug */,
				CE6FD3661C01F9BC001A04C3 /* Release */,
			);
			defaultConfigurationIsVisible = 0;
			defaultConfigurationName = Release;
		};
		CE6FD3671C01F9BC001A04C3 /* Build configuration list for PBXNativeTarget "MyJobPitchTests" */ = {
			isa = XCConfigurationList;
			buildConfigurations = (
				CE6FD3681C01F9BC001A04C3 /* Debug */,
				CE6FD3691C01F9BC001A04C3 /* Release */,
			);
			defaultConfigurationIsVisible = 0;
			defaultConfigurationName = Release;
		};
/* End XCConfigurationList section */
	};
	rootObject = CE6FD32F1C01F9BB001A04C3 /* Project object */;
}
