// !$*UTF8*$!
{
	archiveVersion = 1;
	classes = {
	};
	objectVersion = 46;
	objects = {

/* Begin PBXBuildFile section */
		8A670AFC6AF2FC453A25DE73 /* libPods.a in Frameworks */ = {isa = PBXBuildFile; fileRef = 0B006CB817BA624E01EDF19B /* libPods.a */; };
		CE45AEC41C0B41390092AB75 /* MJPViewController.m in Sources */ = {isa = PBXBuildFile; fileRef = CE45AEC31C0B41390092AB75 /* MJPViewController.m */; };
		CE45AECA1C0B45AD0092AB75 /* RegisterRequest.m in Sources */ = {isa = PBXBuildFile; fileRef = CE45AEC91C0B45AD0092AB75 /* RegisterRequest.m */; };
		CE45AECD1C0B461A0092AB75 /* User.m in Sources */ = {isa = PBXBuildFile; fileRef = CE45AECC1C0B461A0092AB75 /* User.m */; };
		CE6FD33C1C01F9BB001A04C3 /* main.m in Sources */ = {isa = PBXBuildFile; fileRef = CE6FD33B1C01F9BB001A04C3 /* main.m */; };
		CE6FD33F1C01F9BB001A04C3 /* AppDelegate.m in Sources */ = {isa = PBXBuildFile; fileRef = CE6FD33E1C01F9BB001A04C3 /* AppDelegate.m */; };
		CE6FD3421C01F9BB001A04C3 /* Login.m in Sources */ = {isa = PBXBuildFile; fileRef = CE6FD3411C01F9BB001A04C3 /* Login.m */; };
		CE6FD3451C01F9BB001A04C3 /* Main.storyboard in Resources */ = {isa = PBXBuildFile; fileRef = CE6FD3431C01F9BB001A04C3 /* Main.storyboard */; };
		CE6FD3471C01F9BC001A04C3 /* Assets.xcassets in Resources */ = {isa = PBXBuildFile; fileRef = CE6FD3461C01F9BC001A04C3 /* Assets.xcassets */; };
		CE6FD34A1C01F9BC001A04C3 /* LaunchScreen.storyboard in Resources */ = {isa = PBXBuildFile; fileRef = CE6FD3481C01F9BC001A04C3 /* LaunchScreen.storyboard */; };
		CE6FD3551C01F9BC001A04C3 /* My_Job_PitchTests.m in Sources */ = {isa = PBXBuildFile; fileRef = CE6FD3541C01F9BC001A04C3 /* My_Job_PitchTests.m */; };
		CE86847E1C0E570300D4B6C7 /* ScrollingViewController.m in Sources */ = {isa = PBXBuildFile; fileRef = CE86847D1C0E570300D4B6C7 /* ScrollingViewController.m */; };
		CEE04A9C1C0F896300697620 /* RecruiterHome.m in Sources */ = {isa = PBXBuildFile; fileRef = CEE04A9B1C0F896300697620 /* RecruiterHome.m */; };
		CEE04A9F1C0F8A9100697620 /* JobSeekerHome.m in Sources */ = {isa = PBXBuildFile; fileRef = CEE04A9E1C0F8A9100697620 /* JobSeekerHome.m */; };
		CEE04AA21C0F8C6700697620 /* CreateProfile.m in Sources */ = {isa = PBXBuildFile; fileRef = CEE04AA11C0F8C6700697620 /* CreateProfile.m */; };
		CEE52CED1C0654DD00881648 /* MobileCoreServices.framework in Frameworks */ = {isa = PBXBuildFile; fileRef = CEE52CEC1C0654DD00881648 /* MobileCoreServices.framework */; };
		CEE52CEF1C0654E900881648 /* Security.framework in Frameworks */ = {isa = PBXBuildFile; fileRef = CEE52CEE1C0654E900881648 /* Security.framework */; };
		CEE52CF11C0654F200881648 /* CFNetwork.framework in Frameworks */ = {isa = PBXBuildFile; fileRef = CEE52CF01C0654F200881648 /* CFNetwork.framework */; };
		CEE52CF31C0654FB00881648 /* SystemConfiguration.framework in Frameworks */ = {isa = PBXBuildFile; fileRef = CEE52CF21C0654FB00881648 /* SystemConfiguration.framework */; };
		CEE52CF51C06550500881648 /* UIKit.framework in Frameworks */ = {isa = PBXBuildFile; fileRef = CEE52CF41C06550500881648 /* UIKit.framework */; };
		CEE52CF71C06550E00881648 /* Foundation.framework in Frameworks */ = {isa = PBXBuildFile; fileRef = CEE52CF61C06550E00881648 /* Foundation.framework */; };
		CEE52CFA1C065C4100881648 /* API.m in Sources */ = {isa = PBXBuildFile; fileRef = CEE52CF91C065C4100881648 /* API.m */; };
		CEE52CFE1C066AB000881648 /* AuthToken.m in Sources */ = {isa = PBXBuildFile; fileRef = CEE52CFD1C066AB000881648 /* AuthToken.m */; };
		CEE52D011C066F2700881648 /* LoginRequest.m in Sources */ = {isa = PBXBuildFile; fileRef = CEE52D001C066F2700881648 /* LoginRequest.m */; };
		FF9A5040750B22C5222FF605 /* libPods.a in Frameworks */ = {isa = PBXBuildFile; fileRef = 0B006CB817BA624E01EDF19B /* libPods.a */; };
/* End PBXBuildFile section */

/* Begin PBXContainerItemProxy section */
		CE6FD3511C01F9BC001A04C3 /* PBXContainerItemProxy */ = {
			isa = PBXContainerItemProxy;
			containerPortal = CE6FD32F1C01F9BB001A04C3 /* Project object */;
			proxyType = 1;
			remoteGlobalIDString = CE6FD3361C01F9BB001A04C3;
			remoteInfo = "My Job Pitch";
		};
/* End PBXContainerItemProxy section */

/* Begin PBXFileReference section */
		0B006CB817BA624E01EDF19B /* libPods.a */ = {isa = PBXFileReference; explicitFileType = archive.ar; includeInIndex = 0; path = libPods.a; sourceTree = BUILT_PRODUCTS_DIR; };
		B0F6E4D8F0045A1E43790385 /* Pods.release.xcconfig */ = {isa = PBXFileReference; includeInIndex = 1; lastKnownFileType = text.xcconfig; name = Pods.release.xcconfig; path = "Pods/Target Support Files/Pods/Pods.release.xcconfig"; sourceTree = "<group>"; };
		CE45AEC21C0B41380092AB75 /* MJPViewController.h */ = {isa = PBXFileReference; fileEncoding = 4; lastKnownFileType = sourcecode.c.h; path = MJPViewController.h; sourceTree = "<group>"; };
		CE45AEC31C0B41390092AB75 /* MJPViewController.m */ = {isa = PBXFileReference; fileEncoding = 4; lastKnownFileType = sourcecode.c.objc; path = MJPViewController.m; sourceTree = "<group>"; };
		CE45AEC81C0B45AD0092AB75 /* RegisterRequest.h */ = {isa = PBXFileReference; fileEncoding = 4; lastKnownFileType = sourcecode.c.h; path = RegisterRequest.h; sourceTree = "<group>"; };
		CE45AEC91C0B45AD0092AB75 /* RegisterRequest.m */ = {isa = PBXFileReference; fileEncoding = 4; lastKnownFileType = sourcecode.c.objc; path = RegisterRequest.m; sourceTree = "<group>"; };
		CE45AECB1C0B461A0092AB75 /* User.h */ = {isa = PBXFileReference; fileEncoding = 4; lastKnownFileType = sourcecode.c.h; path = User.h; sourceTree = "<group>"; };
		CE45AECC1C0B461A0092AB75 /* User.m */ = {isa = PBXFileReference; fileEncoding = 4; lastKnownFileType = sourcecode.c.objc; path = User.m; sourceTree = "<group>"; };
		CE6FD3371C01F9BB001A04C3 /* My Job Pitch.app */ = {isa = PBXFileReference; explicitFileType = wrapper.application; includeInIndex = 0; path = "My Job Pitch.app"; sourceTree = BUILT_PRODUCTS_DIR; };
		CE6FD33B1C01F9BB001A04C3 /* main.m */ = {isa = PBXFileReference; lastKnownFileType = sourcecode.c.objc; path = main.m; sourceTree = "<group>"; };
		CE6FD33D1C01F9BB001A04C3 /* AppDelegate.h */ = {isa = PBXFileReference; lastKnownFileType = sourcecode.c.h; path = AppDelegate.h; sourceTree = "<group>"; };
		CE6FD33E1C01F9BB001A04C3 /* AppDelegate.m */ = {isa = PBXFileReference; lastKnownFileType = sourcecode.c.objc; path = AppDelegate.m; sourceTree = "<group>"; };
		CE6FD3401C01F9BB001A04C3 /* Login.h */ = {isa = PBXFileReference; lastKnownFileType = sourcecode.c.h; path = Login.h; sourceTree = "<group>"; };
		CE6FD3411C01F9BB001A04C3 /* Login.m */ = {isa = PBXFileReference; lastKnownFileType = sourcecode.c.objc; path = Login.m; sourceTree = "<group>"; };
		CE6FD3441C01F9BB001A04C3 /* Base */ = {isa = PBXFileReference; lastKnownFileType = file.storyboard; name = Base; path = Base.lproj/Main.storyboard; sourceTree = "<group>"; };
		CE6FD3461C01F9BC001A04C3 /* Assets.xcassets */ = {isa = PBXFileReference; lastKnownFileType = folder.assetcatalog; path = Assets.xcassets; sourceTree = "<group>"; };
		CE6FD3491C01F9BC001A04C3 /* Base */ = {isa = PBXFileReference; lastKnownFileType = file.storyboard; name = Base; path = Base.lproj/LaunchScreen.storyboard; sourceTree = "<group>"; };
		CE6FD34B1C01F9BC001A04C3 /* Info.plist */ = {isa = PBXFileReference; lastKnownFileType = text.plist.xml; path = Info.plist; sourceTree = "<group>"; };
		CE6FD3501C01F9BC001A04C3 /* My Job PitchTests.xctest */ = {isa = PBXFileReference; explicitFileType = wrapper.cfbundle; includeInIndex = 0; path = "My Job PitchTests.xctest"; sourceTree = BUILT_PRODUCTS_DIR; };
		CE6FD3541C01F9BC001A04C3 /* My_Job_PitchTests.m */ = {isa = PBXFileReference; lastKnownFileType = sourcecode.c.objc; path = My_Job_PitchTests.m; sourceTree = "<group>"; };
		CE6FD3561C01F9BC001A04C3 /* Info.plist */ = {isa = PBXFileReference; lastKnownFileType = text.plist.xml; path = Info.plist; sourceTree = "<group>"; };
		CE86847C1C0E570300D4B6C7 /* ScrollingViewController.h */ = {isa = PBXFileReference; fileEncoding = 4; lastKnownFileType = sourcecode.c.h; path = ScrollingViewController.h; sourceTree = "<group>"; };
		CE86847D1C0E570300D4B6C7 /* ScrollingViewController.m */ = {isa = PBXFileReference; fileEncoding = 4; lastKnownFileType = sourcecode.c.objc; path = ScrollingViewController.m; sourceTree = "<group>"; };
		CEE04A9A1C0F896300697620 /* RecruiterHome.h */ = {isa = PBXFileReference; fileEncoding = 4; lastKnownFileType = sourcecode.c.h; path = RecruiterHome.h; sourceTree = "<group>"; };
		CEE04A9B1C0F896300697620 /* RecruiterHome.m */ = {isa = PBXFileReference; fileEncoding = 4; lastKnownFileType = sourcecode.c.objc; path = RecruiterHome.m; sourceTree = "<group>"; };
		CEE04A9D1C0F8A9100697620 /* JobSeekerHome.h */ = {isa = PBXFileReference; fileEncoding = 4; lastKnownFileType = sourcecode.c.h; path = JobSeekerHome.h; sourceTree = "<group>"; };
		CEE04A9E1C0F8A9100697620 /* JobSeekerHome.m */ = {isa = PBXFileReference; fileEncoding = 4; lastKnownFileType = sourcecode.c.objc; path = JobSeekerHome.m; sourceTree = "<group>"; };
		CEE04AA01C0F8C6700697620 /* CreateProfile.h */ = {isa = PBXFileReference; fileEncoding = 4; lastKnownFileType = sourcecode.c.h; path = CreateProfile.h; sourceTree = "<group>"; };
		CEE04AA11C0F8C6700697620 /* CreateProfile.m */ = {isa = PBXFileReference; fileEncoding = 4; lastKnownFileType = sourcecode.c.objc; path = CreateProfile.m; sourceTree = "<group>"; };
		CEE52CEB1C0653AC00881648 /* PrefixHeader.pch */ = {isa = PBXFileReference; fileEncoding = 4; lastKnownFileType = sourcecode.c.h; path = PrefixHeader.pch; sourceTree = "<group>"; };
		CEE52CEC1C0654DD00881648 /* MobileCoreServices.framework */ = {isa = PBXFileReference; lastKnownFileType = wrapper.framework; name = MobileCoreServices.framework; path = System/Library/Frameworks/MobileCoreServices.framework; sourceTree = SDKROOT; };
		CEE52CEE1C0654E900881648 /* Security.framework */ = {isa = PBXFileReference; lastKnownFileType = wrapper.framework; name = Security.framework; path = System/Library/Frameworks/Security.framework; sourceTree = SDKROOT; };
		CEE52CF01C0654F200881648 /* CFNetwork.framework */ = {isa = PBXFileReference; lastKnownFileType = wrapper.framework; name = CFNetwork.framework; path = System/Library/Frameworks/CFNetwork.framework; sourceTree = SDKROOT; };
		CEE52CF21C0654FB00881648 /* SystemConfiguration.framework */ = {isa = PBXFileReference; lastKnownFileType = wrapper.framework; name = SystemConfiguration.framework; path = System/Library/Frameworks/SystemConfiguration.framework; sourceTree = SDKROOT; };
		CEE52CF41C06550500881648 /* UIKit.framework */ = {isa = PBXFileReference; lastKnownFileType = wrapper.framework; name = UIKit.framework; path = System/Library/Frameworks/UIKit.framework; sourceTree = SDKROOT; };
		CEE52CF61C06550E00881648 /* Foundation.framework */ = {isa = PBXFileReference; lastKnownFileType = wrapper.framework; name = Foundation.framework; path = System/Library/Frameworks/Foundation.framework; sourceTree = SDKROOT; };
		CEE52CF81C065C4100881648 /* API.h */ = {isa = PBXFileReference; fileEncoding = 4; lastKnownFileType = sourcecode.c.h; path = API.h; sourceTree = "<group>"; };
		CEE52CF91C065C4100881648 /* API.m */ = {isa = PBXFileReference; fileEncoding = 4; lastKnownFileType = sourcecode.c.objc; path = API.m; sourceTree = "<group>"; };
		CEE52CFC1C066AB000881648 /* AuthToken.h */ = {isa = PBXFileReference; fileEncoding = 4; lastKnownFileType = sourcecode.c.h; path = AuthToken.h; sourceTree = "<group>"; };
		CEE52CFD1C066AB000881648 /* AuthToken.m */ = {isa = PBXFileReference; fileEncoding = 4; lastKnownFileType = sourcecode.c.objc; path = AuthToken.m; sourceTree = "<group>"; };
		CEE52CFF1C066F2700881648 /* LoginRequest.h */ = {isa = PBXFileReference; fileEncoding = 4; lastKnownFileType = sourcecode.c.h; path = LoginRequest.h; sourceTree = "<group>"; };
		CEE52D001C066F2700881648 /* LoginRequest.m */ = {isa = PBXFileReference; fileEncoding = 4; lastKnownFileType = sourcecode.c.objc; path = LoginRequest.m; sourceTree = "<group>"; };
		CFA3EA2BF05430C3C9894AA5 /* Pods.debug.xcconfig */ = {isa = PBXFileReference; includeInIndex = 1; lastKnownFileType = text.xcconfig; name = Pods.debug.xcconfig; path = "Pods/Target Support Files/Pods/Pods.debug.xcconfig"; sourceTree = "<group>"; };
/* End PBXFileReference section */

/* Begin PBXFrameworksBuildPhase section */
		CE6FD3341C01F9BB001A04C3 /* Frameworks */ = {
			isa = PBXFrameworksBuildPhase;
			buildActionMask = 2147483647;
			files = (
				CEE52CF71C06550E00881648 /* Foundation.framework in Frameworks */,
				CEE52CF51C06550500881648 /* UIKit.framework in Frameworks */,
				CEE52CF31C0654FB00881648 /* SystemConfiguration.framework in Frameworks */,
				CEE52CF11C0654F200881648 /* CFNetwork.framework in Frameworks */,
				CEE52CEF1C0654E900881648 /* Security.framework in Frameworks */,
				CEE52CED1C0654DD00881648 /* MobileCoreServices.framework in Frameworks */,
				8A670AFC6AF2FC453A25DE73 /* libPods.a in Frameworks */,
			);
			runOnlyForDeploymentPostprocessing = 0;
		};
		CE6FD34D1C01F9BC001A04C3 /* Frameworks */ = {
			isa = PBXFrameworksBuildPhase;
			buildActionMask = 2147483647;
			files = (
				FF9A5040750B22C5222FF605 /* libPods.a in Frameworks */,
			);
			runOnlyForDeploymentPostprocessing = 0;
		};
/* End PBXFrameworksBuildPhase section */

/* Begin PBXGroup section */
		CE6FD32E1C01F9BB001A04C3 = {
			isa = PBXGroup;
			children = (
				CE6FD3391C01F9BB001A04C3 /* My Job Pitch */,
				CE6FD3531C01F9BC001A04C3 /* My Job PitchTests */,
				CE6FD3381C01F9BB001A04C3 /* Products */,
				DD5A9C6E26418BFD38D06ACE /* Pods */,
				FFB8B70042B1AAA85F696FCB /* Frameworks */,
			);
			sourceTree = "<group>";
		};
		CE6FD3381C01F9BB001A04C3 /* Products */ = {
			isa = PBXGroup;
			children = (
				CE6FD3371C01F9BB001A04C3 /* My Job Pitch.app */,
				CE6FD3501C01F9BC001A04C3 /* My Job PitchTests.xctest */,
			);
			name = Products;
			sourceTree = "<group>";
		};
		CE6FD3391C01F9BB001A04C3 /* My Job Pitch */ = {
			isa = PBXGroup;
			children = (
				CEE52CFB1C06624600881648 /* API */,
				CE6FD33D1C01F9BB001A04C3 /* AppDelegate.h */,
				CE6FD33E1C01F9BB001A04C3 /* AppDelegate.m */,
				CE6FD3401C01F9BB001A04C3 /* Login.h */,
				CE6FD3411C01F9BB001A04C3 /* Login.m */,
				CEE04AA01C0F8C6700697620 /* CreateProfile.h */,
				CEE04AA11C0F8C6700697620 /* CreateProfile.m */,
				CEE04A9D1C0F8A9100697620 /* JobSeekerHome.h */,
				CEE04A9E1C0F8A9100697620 /* JobSeekerHome.m */,
				CEE04A9A1C0F896300697620 /* RecruiterHome.h */,
				CEE04A9B1C0F896300697620 /* RecruiterHome.m */,
				CE6FD3431C01F9BB001A04C3 /* Main.storyboard */,
				CE6FD3461C01F9BC001A04C3 /* Assets.xcassets */,
				CE6FD3481C01F9BC001A04C3 /* LaunchScreen.storyboard */,
				CE6FD34B1C01F9BC001A04C3 /* Info.plist */,
				CE6FD33A1C01F9BB001A04C3 /* Supporting Files */,
				CE45AEC21C0B41380092AB75 /* MJPViewController.h */,
				CE45AEC31C0B41390092AB75 /* MJPViewController.m */,
				CE86847C1C0E570300D4B6C7 /* ScrollingViewController.h */,
				CE86847D1C0E570300D4B6C7 /* ScrollingViewController.m */,
			);
			path = "My Job Pitch";
			sourceTree = "<group>";
		};
		CE6FD33A1C01F9BB001A04C3 /* Supporting Files */ = {
			isa = PBXGroup;
			children = (
				CE6FD33B1C01F9BB001A04C3 /* main.m */,
				CEE52CEB1C0653AC00881648 /* PrefixHeader.pch */,
			);
			name = "Supporting Files";
			sourceTree = "<group>";
		};
		CE6FD3531C01F9BC001A04C3 /* My Job PitchTests */ = {
			isa = PBXGroup;
			children = (
				CE6FD3541C01F9BC001A04C3 /* My_Job_PitchTests.m */,
				CE6FD3561C01F9BC001A04C3 /* Info.plist */,
			);
			path = "My Job PitchTests";
			sourceTree = "<group>";
		};
		CEE52CFB1C06624600881648 /* API */ = {
			isa = PBXGroup;
			children = (
				CEE52CF81C065C4100881648 /* API.h */,
				CEE52CF91C065C4100881648 /* API.m */,
				CEE52CFC1C066AB000881648 /* AuthToken.h */,
				CEE52CFD1C066AB000881648 /* AuthToken.m */,
				CEE52CFF1C066F2700881648 /* LoginRequest.h */,
				CEE52D001C066F2700881648 /* LoginRequest.m */,
				CE45AEC81C0B45AD0092AB75 /* RegisterRequest.h */,
				CE45AEC91C0B45AD0092AB75 /* RegisterRequest.m */,
				CE45AECB1C0B461A0092AB75 /* User.h */,
				CE45AECC1C0B461A0092AB75 /* User.m */,
			);
			name = API;
			sourceTree = "<group>";
		};
		DD5A9C6E26418BFD38D06ACE /* Pods */ = {
			isa = PBXGroup;
			children = (
				CFA3EA2BF05430C3C9894AA5 /* Pods.debug.xcconfig */,
				B0F6E4D8F0045A1E43790385 /* Pods.release.xcconfig */,
			);
			name = Pods;
			sourceTree = "<group>";
		};
		FFB8B70042B1AAA85F696FCB /* Frameworks */ = {
			isa = PBXGroup;
			children = (
				CEE52CF61C06550E00881648 /* Foundation.framework */,
				CEE52CF41C06550500881648 /* UIKit.framework */,
				CEE52CF21C0654FB00881648 /* SystemConfiguration.framework */,
				CEE52CF01C0654F200881648 /* CFNetwork.framework */,
				CEE52CEE1C0654E900881648 /* Security.framework */,
				CEE52CEC1C0654DD00881648 /* MobileCoreServices.framework */,
				0B006CB817BA624E01EDF19B /* libPods.a */,
			);
			name = Frameworks;
			sourceTree = "<group>";
		};
/* End PBXGroup section */

/* Begin PBXNativeTarget section */
		CE6FD3361C01F9BB001A04C3 /* My Job Pitch */ = {
			isa = PBXNativeTarget;
			buildConfigurationList = CE6FD3641C01F9BC001A04C3 /* Build configuration list for PBXNativeTarget "My Job Pitch" */;
			buildPhases = (
				4468F164D62438DAA67B1A9A /* Check Pods Manifest.lock */,
				CE6FD3331C01F9BB001A04C3 /* Sources */,
				CE6FD3341C01F9BB001A04C3 /* Frameworks */,
				CE6FD3351C01F9BB001A04C3 /* Resources */,
				9816C2566EB6DA434DF644FC /* Copy Pods Resources */,
			);
			buildRules = (
			);
			dependencies = (
			);
			name = "My Job Pitch";
			productName = "My Job Pitch";
			productReference = CE6FD3371C01F9BB001A04C3 /* My Job Pitch.app */;
			productType = "com.apple.product-type.application";
		};
		CE6FD34F1C01F9BC001A04C3 /* My Job PitchTests */ = {
			isa = PBXNativeTarget;
			buildConfigurationList = CE6FD3671C01F9BC001A04C3 /* Build configuration list for PBXNativeTarget "My Job PitchTests" */;
			buildPhases = (
				BAA10D4E0805598B1DEEE89A /* Check Pods Manifest.lock */,
				CE6FD34C1C01F9BC001A04C3 /* Sources */,
				CE6FD34D1C01F9BC001A04C3 /* Frameworks */,
				CE6FD34E1C01F9BC001A04C3 /* Resources */,
				476C92B022CD8EA639441C80 /* Copy Pods Resources */,
			);
			buildRules = (
			);
			dependencies = (
				CE6FD3521C01F9BC001A04C3 /* PBXTargetDependency */,
			);
			name = "My Job PitchTests";
			productName = "My Job PitchTests";
			productReference = CE6FD3501C01F9BC001A04C3 /* My Job PitchTests.xctest */;
			productType = "com.apple.product-type.bundle.unit-test";
		};
/* End PBXNativeTarget section */

/* Begin PBXProject section */
		CE6FD32F1C01F9BB001A04C3 /* Project object */ = {
			isa = PBXProject;
			attributes = {
				LastUpgradeCheck = 0710;
				ORGANIZATIONNAME = "SC Labs Ltd";
				TargetAttributes = {
					CE6FD3361C01F9BB001A04C3 = {
						CreatedOnToolsVersion = 7.1.1;
						DevelopmentTeam = DH34L86UKU;
					};
					CE6FD34F1C01F9BC001A04C3 = {
						CreatedOnToolsVersion = 7.1.1;
						TestTargetID = CE6FD3361C01F9BB001A04C3;
					};
				};
			};
			buildConfigurationList = CE6FD3321C01F9BB001A04C3 /* Build configuration list for PBXProject "My Job Pitch" */;
			compatibilityVersion = "Xcode 3.2";
			developmentRegion = English;
			hasScannedForEncodings = 0;
			knownRegions = (
				en,
				Base,
			);
			mainGroup = CE6FD32E1C01F9BB001A04C3;
			productRefGroup = CE6FD3381C01F9BB001A04C3 /* Products */;
			projectDirPath = "";
			projectRoot = "";
			targets = (
				CE6FD3361C01F9BB001A04C3 /* My Job Pitch */,
				CE6FD34F1C01F9BC001A04C3 /* My Job PitchTests */,
			);
		};
/* End PBXProject section */

/* Begin PBXResourcesBuildPhase section */
		CE6FD3351C01F9BB001A04C3 /* Resources */ = {
			isa = PBXResourcesBuildPhase;
			buildActionMask = 2147483647;
			files = (
				CE6FD34A1C01F9BC001A04C3 /* LaunchScreen.storyboard in Resources */,
				CE6FD3471C01F9BC001A04C3 /* Assets.xcassets in Resources */,
				CE6FD3451C01F9BB001A04C3 /* Main.storyboard in Resources */,
			);
			runOnlyForDeploymentPostprocessing = 0;
		};
		CE6FD34E1C01F9BC001A04C3 /* Resources */ = {
			isa = PBXResourcesBuildPhase;
			buildActionMask = 2147483647;
			files = (
			);
			runOnlyForDeploymentPostprocessing = 0;
		};
/* End PBXResourcesBuildPhase section */

/* Begin PBXShellScriptBuildPhase section */
		4468F164D62438DAA67B1A9A /* Check Pods Manifest.lock */ = {
			isa = PBXShellScriptBuildPhase;
			buildActionMask = 2147483647;
			files = (
			);
			inputPaths = (
			);
			name = "Check Pods Manifest.lock";
			outputPaths = (
			);
			runOnlyForDeploymentPostprocessing = 0;
			shellPath = /bin/sh;
			shellScript = "diff \"${PODS_ROOT}/../Podfile.lock\" \"${PODS_ROOT}/Manifest.lock\" > /dev/null\nif [[ $? != 0 ]] ; then\n    cat << EOM\nerror: The sandbox is not in sync with the Podfile.lock. Run 'pod install' or update your CocoaPods installation.\nEOM\n    exit 1\nfi\n";
			showEnvVarsInLog = 0;
		};
		476C92B022CD8EA639441C80 /* Copy Pods Resources */ = {
			isa = PBXShellScriptBuildPhase;
			buildActionMask = 2147483647;
			files = (
			);
			inputPaths = (
			);
			name = "Copy Pods Resources";
			outputPaths = (
			);
			runOnlyForDeploymentPostprocessing = 0;
			shellPath = /bin/sh;
			shellScript = "\"${SRCROOT}/Pods/Target Support Files/Pods/Pods-resources.sh\"\n";
			showEnvVarsInLog = 0;
		};
		9816C2566EB6DA434DF644FC /* Copy Pods Resources */ = {
			isa = PBXShellScriptBuildPhase;
			buildActionMask = 2147483647;
			files = (
			);
			inputPaths = (
			);
			name = "Copy Pods Resources";
			outputPaths = (
			);
			runOnlyForDeploymentPostprocessing = 0;
			shellPath = /bin/sh;
			shellScript = "\"${SRCROOT}/Pods/Target Support Files/Pods/Pods-resources.sh\"\n";
			showEnvVarsInLog = 0;
		};
		BAA10D4E0805598B1DEEE89A /* Check Pods Manifest.lock */ = {
			isa = PBXShellScriptBuildPhase;
			buildActionMask = 2147483647;
			files = (
			);
			inputPaths = (
			);
			name = "Check Pods Manifest.lock";
			outputPaths = (
			);
			runOnlyForDeploymentPostprocessing = 0;
			shellPath = /bin/sh;
			shellScript = "diff \"${PODS_ROOT}/../Podfile.lock\" \"${PODS_ROOT}/Manifest.lock\" > /dev/null\nif [[ $? != 0 ]] ; then\n    cat << EOM\nerror: The sandbox is not in sync with the Podfile.lock. Run 'pod install' or update your CocoaPods installation.\nEOM\n    exit 1\nfi\n";
			showEnvVarsInLog = 0;
		};
/* End PBXShellScriptBuildPhase section */

/* Begin PBXSourcesBuildPhase section */
		CE6FD3331C01F9BB001A04C3 /* Sources */ = {
			isa = PBXSourcesBuildPhase;
			buildActionMask = 2147483647;
			files = (
				CE6FD3421C01F9BB001A04C3 /* Login.m in Sources */,
				CE45AEC41C0B41390092AB75 /* MJPViewController.m in Sources */,
				CE45AECD1C0B461A0092AB75 /* User.m in Sources */,
				CE45AECA1C0B45AD0092AB75 /* RegisterRequest.m in Sources */,
				CEE52CFE1C066AB000881648 /* AuthToken.m in Sources */,
				CEE04A9F1C0F8A9100697620 /* JobSeekerHome.m in Sources */,
				CE6FD33F1C01F9BB001A04C3 /* AppDelegate.m in Sources */,
				CEE52D011C066F2700881648 /* LoginRequest.m in Sources */,
				CE86847E1C0E570300D4B6C7 /* ScrollingViewController.m in Sources */,
				CEE04A9C1C0F896300697620 /* RecruiterHome.m in Sources */,
				CEE04AA21C0F8C6700697620 /* CreateProfile.m in Sources */,
				CEE52CFA1C065C4100881648 /* API.m in Sources */,
				CE6FD33C1C01F9BB001A04C3 /* main.m in Sources */,
			);
			runOnlyForDeploymentPostprocessing = 0;
		};
		CE6FD34C1C01F9BC001A04C3 /* Sources */ = {
			isa = PBXSourcesBuildPhase;
			buildActionMask = 2147483647;
			files = (
				CE6FD3551C01F9BC001A04C3 /* My_Job_PitchTests.m in Sources */,
			);
			runOnlyForDeploymentPostprocessing = 0;
		};
/* End PBXSourcesBuildPhase section */

/* Begin PBXTargetDependency section */
		CE6FD3521C01F9BC001A04C3 /* PBXTargetDependency */ = {
			isa = PBXTargetDependency;
			target = CE6FD3361C01F9BB001A04C3 /* My Job Pitch */;
			targetProxy = CE6FD3511C01F9BC001A04C3 /* PBXContainerItemProxy */;
		};
/* End PBXTargetDependency section */

/* Begin PBXVariantGroup section */
		CE6FD3431C01F9BB001A04C3 /* Main.storyboard */ = {
			isa = PBXVariantGroup;
			children = (
				CE6FD3441C01F9BB001A04C3 /* Base */,
			);
			name = Main.storyboard;
			sourceTree = "<group>";
		};
		CE6FD3481C01F9BC001A04C3 /* LaunchScreen.storyboard */ = {
			isa = PBXVariantGroup;
			children = (
				CE6FD3491C01F9BC001A04C3 /* Base */,
			);
			name = LaunchScreen.storyboard;
			sourceTree = "<group>";
		};
/* End PBXVariantGroup section */

/* Begin XCBuildConfiguration section */
		CE6FD3621C01F9BC001A04C3 /* Debug */ = {
			isa = XCBuildConfiguration;
			buildSettings = {
				ALWAYS_SEARCH_USER_PATHS = NO;
				CLANG_CXX_LANGUAGE_STANDARD = "gnu++0x";
				CLANG_CXX_LIBRARY = "libc++";
				CLANG_ENABLE_MODULES = YES;
				CLANG_ENABLE_OBJC_ARC = YES;
				CLANG_WARN_BOOL_CONVERSION = YES;
				CLANG_WARN_CONSTANT_CONVERSION = YES;
				CLANG_WARN_DIRECT_OBJC_ISA_USAGE = YES_ERROR;
				CLANG_WARN_EMPTY_BODY = YES;
				CLANG_WARN_ENUM_CONVERSION = YES;
				CLANG_WARN_INT_CONVERSION = YES;
				CLANG_WARN_OBJC_ROOT_CLASS = YES_ERROR;
				CLANG_WARN_UNREACHABLE_CODE = YES;
				CLANG_WARN__DUPLICATE_METHOD_MATCH = YES;
				"CODE_SIGN_IDENTITY[sdk=iphoneos*]" = "iPhone Developer";
				COPY_PHASE_STRIP = NO;
				DEBUG_INFORMATION_FORMAT = dwarf;
				ENABLE_STRICT_OBJC_MSGSEND = YES;
				ENABLE_TESTABILITY = YES;
				GCC_C_LANGUAGE_STANDARD = gnu99;
				GCC_DYNAMIC_NO_PIC = NO;
				GCC_NO_COMMON_BLOCKS = YES;
				GCC_OPTIMIZATION_LEVEL = 0;
				GCC_PREPROCESSOR_DEFINITIONS = (
					"DEBUG=1",
					"$(inherited)",
				);
				GCC_WARN_64_TO_32_BIT_CONVERSION = YES;
				GCC_WARN_ABOUT_RETURN_TYPE = YES_ERROR;
				GCC_WARN_UNDECLARED_SELECTOR = YES;
				GCC_WARN_UNINITIALIZED_AUTOS = YES_AGGRESSIVE;
				GCC_WARN_UNUSED_FUNCTION = YES;
				GCC_WARN_UNUSED_VARIABLE = YES;
				IPHONEOS_DEPLOYMENT_TARGET = 9.1;
				MTL_ENABLE_DEBUG_INFO = YES;
				ONLY_ACTIVE_ARCH = YES;
				SDKROOT = iphoneos;
				TARGETED_DEVICE_FAMILY = "1,2";
			};
			name = Debug;
		};
		CE6FD3631C01F9BC001A04C3 /* Release */ = {
			isa = XCBuildConfiguration;
			buildSettings = {
				ALWAYS_SEARCH_USER_PATHS = NO;
				CLANG_CXX_LANGUAGE_STANDARD = "gnu++0x";
				CLANG_CXX_LIBRARY = "libc++";
				CLANG_ENABLE_MODULES = YES;
				CLANG_ENABLE_OBJC_ARC = YES;
				CLANG_WARN_BOOL_CONVERSION = YES;
				CLANG_WARN_CONSTANT_CONVERSION = YES;
				CLANG_WARN_DIRECT_OBJC_ISA_USAGE = YES_ERROR;
				CLANG_WARN_EMPTY_BODY = YES;
				CLANG_WARN_ENUM_CONVERSION = YES;
				CLANG_WARN_INT_CONVERSION = YES;
				CLANG_WARN_OBJC_ROOT_CLASS = YES_ERROR;
				CLANG_WARN_UNREACHABLE_CODE = YES;
				CLANG_WARN__DUPLICATE_METHOD_MATCH = YES;
				"CODE_SIGN_IDENTITY[sdk=iphoneos*]" = "iPhone Developer";
				COPY_PHASE_STRIP = NO;
				DEBUG_INFORMATION_FORMAT = "dwarf-with-dsym";
				ENABLE_NS_ASSERTIONS = NO;
				ENABLE_STRICT_OBJC_MSGSEND = YES;
				GCC_C_LANGUAGE_STANDARD = gnu99;
				GCC_NO_COMMON_BLOCKS = YES;
				GCC_WARN_64_TO_32_BIT_CONVERSION = YES;
				GCC_WARN_ABOUT_RETURN_TYPE = YES_ERROR;
				GCC_WARN_UNDECLARED_SELECTOR = YES;
				GCC_WARN_UNINITIALIZED_AUTOS = YES_AGGRESSIVE;
				GCC_WARN_UNUSED_FUNCTION = YES;
				GCC_WARN_UNUSED_VARIABLE = YES;
				IPHONEOS_DEPLOYMENT_TARGET = 9.1;
				MTL_ENABLE_DEBUG_INFO = NO;
				SDKROOT = iphoneos;
				TARGETED_DEVICE_FAMILY = "1,2";
				VALIDATE_PRODUCT = YES;
			};
			name = Release;
		};
		CE6FD3651C01F9BC001A04C3 /* Debug */ = {
			isa = XCBuildConfiguration;
			baseConfigurationReference = CFA3EA2BF05430C3C9894AA5 /* Pods.debug.xcconfig */;
			buildSettings = {
				ASSETCATALOG_COMPILER_APPICON_NAME = AppIcon;
				CODE_SIGN_IDENTITY = "iPhone Developer";
				"CODE_SIGN_IDENTITY[sdk=iphoneos*]" = "iPhone Developer";
				GCC_PREFIX_HEADER = "My Job Pitch/PrefixHeader.pch";
				HEADER_SEARCH_PATHS = (
					"$(inherited)",
					"\"${PODS_ROOT}/Headers/Public\"/**",
					"\"${PODS_ROOT}/Headers/Public/AFNetworking\"/**",
					"\"${PODS_ROOT}/Headers/Public/ISO8601DateFormatterValueTransformer\"/**",
					"\"${PODS_ROOT}/Headers/Public/RKValueTransformers\"/**",
					"\"${PODS_ROOT}/Headers/Public/RestKit\"/**",
					"\"${PODS_ROOT}/Headers/Public/SOCKit\"/**",
					"\"${PODS_ROOT}/Headers/Public/TransitionKit\"/**",
				);
				INFOPLIST_FILE = "My Job Pitch/Info.plist";
				IPHONEOS_DEPLOYMENT_TARGET = 8.0;
				LD_RUNPATH_SEARCH_PATHS = "$(inherited) @executable_path/Frameworks";
				PRODUCT_BUNDLE_IDENTIFIER = "com.myjobpitch.My-Job-Pitch";
				PRODUCT_NAME = "$(TARGET_NAME)";
				PROVISIONING_PROFILE = "";
			};
			name = Debug;
		};
		CE6FD3661C01F9BC001A04C3 /* Release */ = {
			isa = XCBuildConfiguration;
			baseConfigurationReference = B0F6E4D8F0045A1E43790385 /* Pods.release.xcconfig */;
			buildSettings = {
				ASSETCATALOG_COMPILER_APPICON_NAME = AppIcon;
				CODE_SIGN_IDENTITY = "iPhone Developer";
				"CODE_SIGN_IDENTITY[sdk=iphoneos*]" = "iPhone Developer";
				GCC_PREFIX_HEADER = "My Job Pitch/PrefixHeader.pch";
				HEADER_SEARCH_PATHS = (
					"$(inherited)",
					"\"${PODS_ROOT}/Headers/Public\"/**",
					"\"${PODS_ROOT}/Headers/Public/AFNetworking\"/**",
					"\"${PODS_ROOT}/Headers/Public/ISO8601DateFormatterValueTransformer\"/**",
					"\"${PODS_ROOT}/Headers/Public/RKValueTransformers\"/**",
					"\"${PODS_ROOT}/Headers/Public/RestKit\"/**",
					"\"${PODS_ROOT}/Headers/Public/SOCKit\"/**",
					"\"${PODS_ROOT}/Headers/Public/TransitionKit\"/**",
				);
				INFOPLIST_FILE = "My Job Pitch/Info.plist";
				IPHONEOS_DEPLOYMENT_TARGET = 8.0;
				LD_RUNPATH_SEARCH_PATHS = "$(inherited) @executable_path/Frameworks";
				PRODUCT_BUNDLE_IDENTIFIER = "com.myjobpitch.My-Job-Pitch";
				PRODUCT_NAME = "$(TARGET_NAME)";
				PROVISIONING_PROFILE = "";
			};
			name = Release;
		};
		CE6FD3681C01F9BC001A04C3 /* Debug */ = {
			isa = XCBuildConfiguration;
			baseConfigurationReference = CFA3EA2BF05430C3C9894AA5 /* Pods.debug.xcconfig */;
			buildSettings = {
				BUNDLE_LOADER = "$(TEST_HOST)";
				INFOPLIST_FILE = "My Job PitchTests/Info.plist";
				LD_RUNPATH_SEARCH_PATHS = "$(inherited) @executable_path/Frameworks @loader_path/Frameworks";
				PRODUCT_BUNDLE_IDENTIFIER = "com.myjobpitch.My-Job-PitchTests";
				PRODUCT_NAME = "$(TARGET_NAME)";
				TEST_HOST = "$(BUILT_PRODUCTS_DIR)/My Job Pitch.app/My Job Pitch";
			};
			name = Debug;
		};
		CE6FD3691C01F9BC001A04C3 /* Release */ = {
			isa = XCBuildConfiguration;
			baseConfigurationReference = B0F6E4D8F0045A1E43790385 /* Pods.release.xcconfig */;
			buildSettings = {
				BUNDLE_LOADER = "$(TEST_HOST)";
				INFOPLIST_FILE = "My Job PitchTests/Info.plist";
				LD_RUNPATH_SEARCH_PATHS = "$(inherited) @executable_path/Frameworks @loader_path/Frameworks";
				PRODUCT_BUNDLE_IDENTIFIER = "com.myjobpitch.My-Job-PitchTests";
				PRODUCT_NAME = "$(TARGET_NAME)";
				TEST_HOST = "$(BUILT_PRODUCTS_DIR)/My Job Pitch.app/My Job Pitch";
			};
			name = Release;
		};
/* End XCBuildConfiguration section */

/* Begin XCConfigurationList section */
		CE6FD3321C01F9BB001A04C3 /* Build configuration list for PBXProject "My Job Pitch" */ = {
			isa = XCConfigurationList;
			buildConfigurations = (
				CE6FD3621C01F9BC001A04C3 /* Debug */,
				CE6FD3631C01F9BC001A04C3 /* Release */,
			);
			defaultConfigurationIsVisible = 0;
			defaultConfigurationName = Release;
		};
		CE6FD3641C01F9BC001A04C3 /* Build configuration list for PBXNativeTarget "My Job Pitch" */ = {
			isa = XCConfigurationList;
			buildConfigurations = (
				CE6FD3651C01F9BC001A04C3 /* Debug */,
				CE6FD3661C01F9BC001A04C3 /* Release */,
			);
			defaultConfigurationIsVisible = 0;
			defaultConfigurationName = Release;
		};
		CE6FD3671C01F9BC001A04C3 /* Build configuration list for PBXNativeTarget "My Job PitchTests" */ = {
			isa = XCConfigurationList;
			buildConfigurations = (
				CE6FD3681C01F9BC001A04C3 /* Debug */,
				CE6FD3691C01F9BC001A04C3 /* Release */,
			);
			defaultConfigurationIsVisible = 0;
			defaultConfigurationName = Release;
		};
/* End XCConfigurationList section */
	};
	rootObject = CE6FD32F1C01F9BB001A04C3 /* Project object */;
}
